{
  "version": 1,
  "dependencies": {
    ".NETnanoFramework,Version=v1.0": {
      "CCSWE.nanoFramework.Collections.Concurrent": {
        "type": "Direct",
        "requested": "[1.1.71, 1.1.71]",
        "resolved": "1.1.71",
        "contentHash": "Eo69dc1GwljXUimy4/yvjJvj/Qz52mkQMgMXaxT7vm7kU8rsHJBVffE8ikSlK5IkswnQ+jEnY5FHFmG26Y9o5g=="
      },
      "CCSWE.nanoFramework.Configuration": {
        "type": "Direct",
        "requested": "[1.1.71, 1.1.71]",
        "resolved": "1.1.71",
        "contentHash": "UyziYooHP9UoXzfy02fm3L9PIR6xjkZ7eEuRXau0pm8wE4Y3hcMReWdZv/Y0bOKHwyOw1nnBY2KQRb6/yh0x0w=="
      },
      "CCSWE.nanoFramework.Core": {
        "type": "Direct",
        "requested": "[1.1.71, 1.1.71]",
        "resolved": "1.1.71",
        "contentHash": "WvPMtIe0B1mclEb3tQlMSdxIOOgmpNZxn1zKeHYEvBpdcipvSf6js1Fg6inkadjAqz9PWe0XMVqsB8xwWUMnqQ=="
      },
      "CCSWE.nanoFramework.DhcpServer": {
        "type": "Direct",
        "requested": "[1.1.71, 1.1.71]",
        "resolved": "1.1.71",
        "contentHash": "XN5TddaaW6VofXmY+t0rDLp+5KtwbblzdMPsEl8yELzf+je13N4gJ/d3EWX0hIakz75Q0Yjae0WKwGV97ws2CQ=="
      },
      "CCSWE.nanoFramework.FileStorage": {
        "type": "Direct",
        "requested": "[1.1.71, 1.1.71]",
        "resolved": "1.1.71",
        "contentHash": "x0hK9fyP9nE2U+jo/zAhtAoqdPrt1MIhKnO2gN6VLPl33hi/YEM4VJMmBrDfhW1jWX7jDE3aVpZuyaqytXKFVA=="
      },
      "CCSWE.nanoFramework.Hosting": {
        "type": "Direct",
        "requested": "[1.1.71, 1.1.71]",
        "resolved": "1.1.71",
        "contentHash": "fEKodwI78QyeZYOlUcrRX/6DsXXX2+KVAS2ZizWUbCAXChS496l5CZ23adbmHdDbn0YrbXlHxlEAZGly0lqJ6w=="
      },
      "CCSWE.nanoFramework.Logging": {
        "type": "Direct",
        "requested": "[1.1.71, 1.1.71]",
        "resolved": "1.1.71",
        "contentHash": "0PybJ4w4ULPEWZjisPZ3GuheIyv73ZEUpg0UZwIuz/IIioXzblUkMgEEnTEAuQVFNF/l59YmHOZJk0HfiX48LA=="
      },
      "CCSWE.nanoFramework.Mediator": {
        "type": "Direct",
        "requested": "[1.1.71, 1.1.71]",
        "resolved": "1.1.71",
        "contentHash": "Gwn9Ge+kNsarzH0DzTDLcmSbJaB2YWc1Bi21c0T+olNn53YPMmG5UpQk0EzneYD2fL4lUuIBHZ33GwpVp/aTlw=="
      },
      "CCSWE.nanoFramework.Threading": {
        "type": "Direct",
        "requested": "[1.1.71, 1.1.71]",
        "resolved": "1.1.71",
        "contentHash": "WCN9pDXCaanIlz9kfKjgZSNQOnW/fVa088UOQ1HjS640SX/63wpCWpxluMWDR0MWx4D85IuH7PF/99ln/UE0gw=="
      },
      "CCSWE.nanoFramework.WebServer": {
        "type": "Direct",
        "requested": "[1.1.71, 1.1.71]",
        "resolved": "1.1.71",
        "contentHash": "OsJCOHXsYkxTThji7XwSEFAXtXmT/FhdkxrVIfX2hS4WG7EKBdnaks9G+l1pOLj3+fPWhkH1JfPFztLXtHEEdw=="
      },
      "MakoIoT.Device.Utilities.TimeZones": {
        "type": "Direct",
        "requested": "[1.0.45.55993, 1.0.45.55993]",
        "resolved": "1.0.45.55993",
        "contentHash": "DJjOMxTXE9tRSNEViGoVR851q2A0PoX9CxeES7SxqwqMjKVs0LgDDjMXzNn4buMk5jLDHmRYZ6oLCZ0x5p9KBw=="
      },
      "nanoFramework.CoreLibrary": {
        "type": "Direct",
        "requested": "[1.17.7, 1.17.7]",
        "resolved": "1.17.7",
        "contentHash": "LbP1JJXV5g9cSxb4TgWBIFHXtW6fpKHy/FcylOHAn8WAh/smkyWRrwzEj4784QvScNi/b07zn+A5/JpmDvLc1A=="
      },
      "nanoFramework.DependencyInjection": {
        "type": "Direct",
        "requested": "[1.1.30, 1.1.30]",
        "resolved": "1.1.30",
        "contentHash": "K1BSxcrFN0bfB59Cj6NV6U2BLp1L1MLhj3ON15pdG659h2F3tktxHVpaDqTbtFGh+bCPCb/OdCdC2g+Ij02PDQ=="
      },
      "nanoFramework.Graphics": {
        "type": "Direct",
        "requested": "[1.2.42, 1.2.42]",
        "resolved": "1.2.42",
        "contentHash": "q516DKW1Hg9hcPe0sFr/IkxRIBt2ha35Ri2KKBL7h0eS4PkXSXnOiPN7bVAW39HCQWlfdW1eZ5uZiZnzZb+4Iw=="
      },
      "nanoFramework.Graphics.Core": {
        "type": "Direct",
        "requested": "[1.2.42, 1.2.42]",
        "resolved": "1.2.42",
        "contentHash": "3SEBcD+XRNn0d27iAn+WHEhiFWEdz3nAKKyuHBY5FtCHikD6h1S8KNzUWbHEjm7tqQIEQuopRuykSHF1hhN+Ww=="
      },
      "nanoFramework.Hosting": {
        "type": "Direct",
        "requested": "[2.0.1, 2.0.1]",
        "resolved": "2.0.1",
        "contentHash": "E3A00615li43UVnE6e5d1j4LZyjaB1NdLAXRo2WfDvV3JKrjOazS9lvuflj5Ys/wlXwkvh+XsWe29vDIUzUzEw=="
      },
      "nanoFramework.Iot.Device.Button": {
        "type": "Direct",
        "requested": "[1.2.852, 1.2.852]",
        "resolved": "1.2.852",
        "contentHash": "/4w0m4ICgoToAz2aYo+Swp4HmLEIVkDiKzdbqyMXg+hoBl7O62DxlzWJzwh9sd7iiIurSeLGWSXEZyqhAJX0kw=="
      },
      "nanoFramework.Json": {
        "type": "Direct",
        "requested": "[2.2.189, 2.2.189]",
        "resolved": "2.2.189",
        "contentHash": "MWG3HBycXgQkjmmRTpW9OUZlFppRGPodJ48ysAe15rwvy1/I02r2O9FqN1vcuOfvZDn/ETa4yBKpd83XfLIY+w=="
      },
      "nanoFramework.Logging": {
        "type": "Direct",
        "requested": "[1.1.151, 1.1.151]",
        "resolved": "1.1.151",
        "contentHash": "PusUQflvEEvHP3Q9Rp2CmmEZ8LxOyLt9Az6IwlDImYEj4f/ME4MRQDA7eA0f31QxxxmjvLXKzcXIamgKWrvuOA=="
      },
      "nanoFramework.ResourceManager": {
        "type": "Direct",
        "requested": "[1.2.31, 1.2.31]",
        "resolved": "1.2.31",
        "contentHash": "CIrsP/xPoAumvm2Vz+NV0S2iSeRhnQ0UkyBemKA0SVaKhPXB2DlK2F8iiU176MPzPaLbh98QkeZCiUZIUdFKFQ=="
      },
      "nanoFramework.Runtime.Events": {
        "type": "Direct",
        "requested": "[1.11.31, 1.11.31]",
        "resolved": "1.11.31",
        "contentHash": "VvrHqbBRh3AF6iNW/ZDyFRGMkpz1P6GLvqpU187t1l0Ejhdsisf5VLL2grwqbd62mBeW3MGJLn5OZKJ55jlnqg=="
      },
      "nanoFramework.Runtime.Native": {
        "type": "Direct",
        "requested": "[1.7.10, 1.7.10]",
        "resolved": "1.7.10",
        "contentHash": "ulqiOuGhly+zsWhpoegkAWGOGDzxK13e/3ML72JoTjznUv+1YvudadUP0YxHKB346lu3JxmCzgKvLigBUb6ALw=="
      },
      "nanoFramework.System.Collections": {
        "type": "Direct",
        "requested": "[1.5.63, 1.5.63]",
        "resolved": "1.5.63",
        "contentHash": "TuYK0RwyRovRal7HBwVsfJDT7qSKa+6sk16kcV7p+VOPD4h8Pi7Qo0v2BbwAL5YWS+4wTTEWr0JgwOrYpGVrtA=="
      },
      "nanoFramework.System.Device.Gpio": {
        "type": "Direct",
        "requested": "[1.1.56, 1.1.56]",
        "resolved": "1.1.56",
        "contentHash": "i5+EadLsqfpwKp2wd7/+Ud4I6I4H34zSW8oTTMqJOzmMniS1Qv2a4wYo1gqhbGAjdYnF1sjJVpyWj/C6ijRnyA=="
      },
      "nanoFramework.System.Device.Wifi": {
        "type": "Direct",
        "requested": "[1.5.128, 1.5.128]",
        "resolved": "1.5.128",
        "contentHash": "fAJtA1FkuMwLeW7c4pokaNmtjLW4aTLlHVsiUbxrglZFflVHDnStNk6QZXpYQ5ts11w3GWtTIIC73bheuLXjrA=="
      },
      "nanoFramework.System.IO.FileSystem": {
        "type": "Direct",
        "requested": "[1.1.83, 1.1.83]",
        "resolved": "1.1.83",
        "contentHash": "ivD4vJn3Ru1UAvbSPopgVEZ48ozjtzKzCs/g1rnc+0NjNnAlWC1+yij0UvVznLkyyo/02z2663tBSdeqgCLV2Q=="
      },
      "nanoFramework.System.IO.Streams": {
        "type": "Direct",
        "requested": "[1.1.91, 1.1.91]",
        "resolved": "1.1.91",
        "contentHash": "YMKF7vsxJp95Mz6c5gBBY4AVnOg1r6doE94qblojeufSZAS/M5JuDoCY8KHQmMjSghachsKhrhfv6RHmhM7HCg=="
      },
      "nanoFramework.System.Math": {
        "type": "Direct",
        "requested": "[1.5.112, 1.5.112]",
        "resolved": "1.5.112",
        "contentHash": "lmPfx89+DEO2KQh7v/PeEl5FkXc3DRwpEnngLBz6cG/3W9X7NyypqY1qDNDPHxz7qybM5oj+wieR7qYYInjBzQ=="
      },
      "nanoFramework.System.Net": {
        "type": "Direct",
        "requested": "[1.11.37, 1.11.37]",
        "resolved": "1.11.37",
        "contentHash": "UFYs+91hHmNellog8ZZHjWTHkPoaGctJ7B0MmKeFxlYevwpaBx/k8EXhsLCvdRdKayhQEeQ5DKKE7IPxGHAVEQ=="
      },
      "nanoFramework.System.Net.Http": {
        "type": "Direct",
        "requested": "[1.5.189, 1.5.189]",
        "resolved": "1.5.189",
        "contentHash": "j5rpCndKyvznLhmIjSSaXBZqHs66/B6wA4c/fqZZxjPvpG8YG4G0iYyKCL6Hc6ueM1CTMjNnPl2cBWou/0KB1A=="
      },
      "nanoFramework.System.Net.Http.Server": {
        "type": "Direct",
        "requested": "[1.5.189, 1.5.189]",
        "resolved": "1.5.189",
        "contentHash": "BqeAu/SltqH6EA18eBPdH3TtVNS+k2/Eh1ng+08MVezv670gZkGOqYPhGn88Fv/oYX6zXDCmwJ2kVyF7HiyOdg=="
      },
      "nanoFramework.System.Text": {
        "type": "Direct",
        "requested": "[1.3.36, 1.3.36]",
        "resolved": "1.3.36",
        "contentHash": "qO0BrmYX4+iV5MSVSIIOSnyPx9Odvgb5Y9hGDWgUCQUGrPG32WPq6YGhTQMK2UIIu3yfB9Nsu2hPhjVSpFYMMA=="
      },
      "nanoFramework.System.Text.RegularExpressions": {
        "type": "Direct",
        "requested": "[1.1.123, 1.1.123]",
        "resolved": "1.1.123",
        "contentHash": "U+qVLRjQ/N5nIY1CmQ9Je9czNiYgosGgrFGfxIzprpS8OCC7oCZqa4n+N4Cv6rZDFqqN4RP1MoVxdrusIRtq7A=="
      },
      "nanoFramework.System.Threading": {
        "type": "Direct",
        "requested": "[1.1.50, 1.1.50]",
        "resolved": "1.1.50",
        "contentHash": "L0TQAdPWYrh19vI+3UGAuSIvSTHKG3dLyh/tuC5R5PryRnYvCILBWvgfadEPpEUenybF3cuBPOIMe7MZB12HGw=="
      },
      "Nerdbank.GitVersioning": {
        "type": "Direct",
        "requested": "[3.7.115, 3.7.115]",
        "resolved": "3.7.115",
        "contentHash": "EpXamaAdRfG/BMxGgvZlTM0npRnkmXUjAj8OdNKd17t4oN+2nvjdv/KnFmzOOMDqvlwB49UCwtOHJrAQTfUBtQ=="
      }
    }
  }
}