{
  "version": 1,
  "dependencies": {
    ".NETnanoFramework,Version=v1.0": {
      "CCSWE.nanoFramework.Collections.Concurrent": {
        "type": "Direct",
        "requested": "[1.1.139, 1.1.139]",
        "resolved": "1.1.139",
        "contentHash": "mX74nXnK8EvbHr9xQOk0xvA8ccCqQrTdJ6bhMQ2Aqguazmy6RTivP5pfBXZGQag2tF7/IV7lJtgYpkg2t4HcBQ=="
      },
      "CCSWE.nanoFramework.Configuration": {
        "type": "Direct",
        "requested": "[1.1.139, 1.1.139]",
        "resolved": "1.1.139",
        "contentHash": "zeBEfYNFNy3qmgK+xU62S40dE1GDkcTqvri5DxaUJk0+EaIpWZCWGfVShuc6V/4/ITsuL07EH/ZwIJ8scbzfmg=="
      },
      "CCSWE.nanoFramework.Core": {
        "type": "Direct",
        "requested": "[1.1.139, 1.1.139]",
        "resolved": "1.1.139",
        "contentHash": "CJ4G2xg3BZjIeCYh8DXkvsYw7DUJzlFisXtq27lRn1lYoY6doXDXR5IZ8X4j6vvGCwHnWv43TEkQmKRqxEHvBA=="
      },
      "CCSWE.nanoFramework.DhcpServer": {
        "type": "Direct",
        "requested": "[1.1.139, 1.1.139]",
        "resolved": "1.1.139",
        "contentHash": "EOFuY0c7SYS/r6jaOewUBpVFYMArLzbDqProP4glY9ATxy5r25n322fFk8fLN4woDU3U73aKM91Tab7ZMT/nUQ=="
      },
      "CCSWE.nanoFramework.FileStorage": {
        "type": "Direct",
        "requested": "[1.1.139, 1.1.139]",
        "resolved": "1.1.139",
        "contentHash": "f4uyZcSQgGWzyg2jS4Wl6wkcdswd/iFTYIM8GCHhR4j6OfB5MBWzvjhnyQJVyIgs1cU51p8EMFLh2HTfHYCBfA=="
      },
      "CCSWE.nanoFramework.Graphics": {
        "type": "Direct",
        "requested": "[1.1.139, 1.1.139]",
        "resolved": "1.1.139",
        "contentHash": "ZluJ2Bf4ptmy9FUsfba25FP6qxoDzHTbfdQvXRAmJIyTlI5MRGn55q1CVEpHzDeaTESjVPII39XcnscdQxD68g=="
      },
      "CCSWE.nanoFramework.Hosting": {
        "type": "Direct",
        "requested": "[1.1.139, 1.1.139]",
        "resolved": "1.1.139",
        "contentHash": "iing3sJ7clmNof6zdyato+ELfd0NuaWP5KGt953jA4kIiBTT2s2WnE+64mkcT5YIVIbQSKOOyfw/WgEy3nUr/A=="
      },
      "CCSWE.nanoFramework.Logging": {
        "type": "Direct",
        "requested": "[1.1.139, 1.1.139]",
        "resolved": "1.1.139",
        "contentHash": "FM2CDxLE5r3S5ICujSc1Ze6BOqtPvdJPpNgkCw4w5Wecq6wyIZLx3qY8b39BggRgZUnRvU/W+Kk6KRb+EwWt0Q=="
      },
      "CCSWE.nanoFramework.Math": {
        "type": "Direct",
        "requested": "[1.1.139, 1.1.139]",
        "resolved": "1.1.139",
        "contentHash": "H4gNxyE1EKku9plq36lOTZMzWMGFTkCTWXAqnuVHZwkpRt69Hq6bOCO5Ok2U3sLJpyNNRWJ+DbXsjqOQJOroPA=="
      },
      "CCSWE.nanoFramework.MdnsServer": {
        "type": "Direct",
        "requested": "[1.1.139, 1.1.139]",
        "resolved": "1.1.139",
        "contentHash": "NPS52xZxGjK+hnGrLoet9jhxmH5XBaOK80XmJ0P2X7VQ6N62BYakaoatS6nDUKXtg7mYXHXtNcdWc4SHmzlcbg=="
      },
      "CCSWE.nanoFramework.Mediator": {
        "type": "Direct",
        "requested": "[1.1.139, 1.1.139]",
        "resolved": "1.1.139",
        "contentHash": "fG0YB/Njfn19JtO5bttZ4pbrAVjGPi2tKMjuND24dwJQDx1UnOqGelQbKclSAL8TLcImu1PObuQl145ZYhIDsQ=="
      },
      "CCSWE.nanoFramework.Threading": {
        "type": "Direct",
        "requested": "[1.1.139, 1.1.139]",
        "resolved": "1.1.139",
        "contentHash": "HoM1DoPAK/wOHgWCvf91qKPKsgYwnsu2mpFrqdnNQs/YG0nCQx6jGWlskDA6SOu8RwEFFu3L9sykhcIrpjHe+g=="
      },
      "CCSWE.nanoFramework.WebServer": {
        "type": "Direct",
        "requested": "[1.1.139, 1.1.139]",
        "resolved": "1.1.139",
        "contentHash": "SlAXiHc321ndyGLPqaFMBHE3G9FnJRvWMz9+93ZZPdhuoN5ZLMOF5geZYvqVvQOgFyOwMESPKPDXVPaVZGxzUQ=="
      },
      "MakoIoT.Device.Utilities.TimeZones": {
        "type": "Direct",
        "requested": "[1.0.51.19445, 1.0.51.19445]",
        "resolved": "1.0.51.19445",
        "contentHash": "9FQYo7FLoZRWQ9dbKLGYwlYnkHZdeaSUNAvkrDYaqrw+Zw9SdjSV8wIPsUy4eZ86aDCdjWlGtBfeN3a8C8wLwA=="
      },
      "nanoFramework.CoreLibrary": {
        "type": "Direct",
        "requested": "[1.17.11, 1.17.11]",
        "resolved": "1.17.11",
        "contentHash": "HezzAc0o2XrSGf85xSeD/6xsO6ohF9hX6/iMQ1IZS6Zw6umr4WfAN2Jv0BrPxkaYwzEegJxxZujkHoUIAqtOMw=="
      },
      "nanoFramework.DependencyInjection": {
        "type": "Direct",
        "requested": "[1.1.32, 1.1.32]",
        "resolved": "1.1.32",
        "contentHash": "jlkGPDppz73ThMFUwj9+bwUFYEM+1ZHf9SzLfj9k64ToMA5k/3l/HWtgBhiZcGcd/Y7H7Q9ISbADEKQ7PMELpg=="
      },
      "nanoFramework.Graphics": {
        "type": "Direct",
        "requested": "[1.2.52, 1.2.52]",
        "resolved": "1.2.52",
        "contentHash": "7DfRe0iJWZBH3UREIyZxzDTEItUqz3llfVXGzh2xBVkGZzTqzVDIcK7mI7u1h8GEP7uCC4LM5kKey6xiImHf/Q=="
      },
      "nanoFramework.Graphics.Core": {
        "type": "Direct",
        "requested": "[1.2.52, 1.2.52]",
        "resolved": "1.2.52",
        "contentHash": "hcauc3KKus+ri0UBkNkIu+Fd1qPDx/97HIv1CXoHDs1P2Eqg82qSk0QP7ytRfaAS6+3dtz20IBm1OK0QHEtPhg=="
      },
      "nanoFramework.Hosting": {
        "type": "Direct",
        "requested": "[2.0.15, 2.0.15]",
        "resolved": "2.0.15",
        "contentHash": "dIBAQpCR4rH5daviYWRhRFcgm11l8GpVPIOrSYUDRDF1p498t1siiIPSMKqnfc0rRcBw9UEpn/QPmRF9l9jWYA=="
      },
      "nanoFramework.Iot.Device.Button": {
        "type": "Direct",
        "requested": "[1.2.991, 1.2.991]",
        "resolved": "1.2.991",
        "contentHash": "cgln7gOjgSERaLFzndYmunVVw4ZqiMzXbzuLwYaMEn+75nM18szgKPEfeXUI/Br4hixaaT6fGgzJt8mmfbLRXA=="
      },
      "nanoFramework.Iot.Device.MulticastDns": {
        "type": "Direct",
        "requested": "[1.0.286, 1.0.286]",
        "resolved": "1.0.286",
        "contentHash": "a7R+YamhwdiezlGCxILKwJCusBmLNfB3yrbzq2SEUzxdpIHUai59H7pG1n8FkRKwd98gAx097qZN6pMx1C+dCA=="
      },
      "nanoFramework.Json": {
        "type": "Direct",
        "requested": "[2.2.212, 2.2.212]",
        "resolved": "2.2.212",
        "contentHash": "HoCNEtxJda9SXqAgL4ORC3fdHfmGpRE/Dj7Z+AHmWSPf/ERMhy9S/sEL55Knc8UpypeGtldm/0xP8odfv8+YwQ=="
      },
      "nanoFramework.Logging": {
        "type": "Direct",
        "requested": "[1.1.161, 1.1.161]",
        "resolved": "1.1.161",
        "contentHash": "ASEnCqp/WL+0EPyTYAUUdBSX6g1GkqewPOrTCLq9iZicf9+DFDzd+fpzrfinWd3YqSQ+eb16QzReARm1V0EfNw=="
      },
      "nanoFramework.ResourceManager": {
        "type": "Direct",
        "requested": "[1.2.32, 1.2.32]",
        "resolved": "1.2.32",
        "contentHash": "hpBiZ7yx5AnT/0T37cr2ySQwQDLKP+KaWu+O7ln9J43M/WaKFSCZFVsqXeJGby3/JDfm1cxhfOaQ1MMsevrdiA=="
      },
      "nanoFramework.Runtime.Events": {
        "type": "Direct",
        "requested": "[1.11.32, 1.11.32]",
        "resolved": "1.11.32",
        "contentHash": "NyLUIwJDlpl5VKSd+ljmdDtO2WHHBvPvruo1ccaL+hd79z+6XMYze1AccOVXKGiZenLBCwDmFHwpgIQyHkM7GA=="
      },
      "nanoFramework.Runtime.Native": {
        "type": "Direct",
        "requested": "[1.7.11, 1.7.11]",
        "resolved": "1.7.11",
        "contentHash": "XPSTltZ9KeBruogVmjQpCphi1nLoJH49mpyp2eGBs8BTjKuL5TkMO20MoI8r73F/PW5AppTq49HvIZZavU5nPQ=="
      },
      "nanoFramework.System.Buffers.Binary.BinaryPrimitives": {
        "type": "Direct",
        "requested": "[1.2.862, 1.2.862]",
        "resolved": "1.2.862",
        "contentHash": "O+jmbbw2h2cjCTShsvWCzjqn/kmRacJE4Ena9gJt5xF5D7XHyYh/uE/qbZ4LhlmlN6JCZjLRNiEfHyM1YUjyxg=="
      },
      "nanoFramework.System.Buffers.Helpers": {
        "type": "Direct",
        "requested": "[1.0.285, 1.0.285]",
        "resolved": "1.0.285",
        "contentHash": "0AwIerQGrfTcdjxgVGa1EAc6+XP0om6RzYnaz0sEsligVo4iV9TqGN7EGHwOjRJ/ON42HIN0aqdnmyMg2nsV/g=="
      },
      "nanoFramework.System.Collections": {
        "type": "Direct",
        "requested": "[1.5.75, 1.5.75]",
        "resolved": "1.5.75",
        "contentHash": "OiMpKo8RWbjZq1594YjdRnOGNN2aT4nowa+ET7scK0frGCux0a8LGaPkG56mmSfBCKzLlVs13LIlla3XLhXaMA=="
      },
      "nanoFramework.System.Device.Gpio": {
        "type": "Direct",
        "requested": "[1.1.57, 1.1.57]",
        "resolved": "1.1.57",
        "contentHash": "Es7jHRrT/+0Ty9uJNzJUcTn+aCpjkxXnmsaM+g9HXvLZ8k4SDCCqmO9pT317nX+9ehmgGo2JKrtmkekgbOp+Pw=="
      },
      "nanoFramework.System.Device.Wifi": {
        "type": "Direct",
        "requested": "[1.5.144, 1.5.144]",
        "resolved": "1.5.144",
        "contentHash": "kYC7ZgJokvBHPXq3RVQ7PvQJs8tpyOQQeOP5am0ipyn+fbCOrLY6lC2lKZRi599bwGrFvXUD05h6iuie+cnF5g=="
      },
      "nanoFramework.System.IO.FileSystem": {
        "type": "Direct",
        "requested": "[1.1.87, 1.1.87]",
        "resolved": "1.1.87",
        "contentHash": "Et2CmX2P9qtOUrMfQy9ijKZ31J/87aEb+iDGziD3Sys6KZRJKkFH3DHuYMLwzrWwZxiZ2McuN1ul0UzI02QKSg=="
      },
      "nanoFramework.System.IO.Streams": {
        "type": "Direct",
        "requested": "[1.1.96, 1.1.96]",
        "resolved": "1.1.96",
        "contentHash": "kJSy4EJwChO4Vq3vGWP9gNRPFDnTsDU5HxzeI7NDO+RjbDsx7B8EhKymoeTPLJCxQq8y/0P1KG2XCxGpggW+fw=="
      },
      "nanoFramework.System.Math": {
        "type": "Direct",
        "requested": "[1.5.116, 1.5.116]",
        "resolved": "1.5.116",
        "contentHash": "0S05UKcoI9Ukz9cMNPC9huFW9vSL42/4gIh4fw8ou8HkcFmTYb0OL8VF2Ah94hEDW5mqcYAVr0ipuGWPzIRqaA=="
      },
      "nanoFramework.System.Net": {
        "type": "Direct",
        "requested": "[1.11.52, 1.11.52]",
        "resolved": "1.11.52",
        "contentHash": "dHArQQR4vt+cfFgrGIjl85OGhfUujAg2hHcjt6jMVQ9Q1z6oDAfpzxkaJd+FQ1yvJnpyIQR1+REHBKf7zuq19w=="
      },
      "nanoFramework.System.Net.Http": {
        "type": "Direct",
        "requested": "[1.5.208, 1.5.208]",
        "resolved": "1.5.208",
        "contentHash": "chBaiUEv2PK2+S/4oU8nIA6hgu/Vu7ZtTtTLfOElvmbXHnpU0wLJFRIqhnv4va1J8RFznCbhy3VD2Cdw4XqmpQ=="
      },
      "nanoFramework.System.Net.Sockets.UdpClient": {
        "type": "Direct",
        "requested": "[1.1.102, 1.1.102]",
        "resolved": "1.1.102",
        "contentHash": "hcwiuqcT8Zxc8KH01r/iUU/jL37wDPW4uFAPxvDT/fPtx5lgozvgRRv9GqndtRYPj3uonYft/BcAmkoj7OKwvg=="
      },
      "nanoFramework.System.Text": {
        "type": "Direct",
        "requested": "[1.3.42, 1.3.42]",
        "resolved": "1.3.42",
        "contentHash": "68HPjhersNpssbmEMUHdMw3073MHfGTfrkbRk9eILKbNPFfPFck7m4y9BlAi6DaguUJaeKxgyIojXF3SQrF8/A=="
      },
      "nanoFramework.System.Threading": {
        "type": "Direct",
        "requested": "[1.1.52, 1.1.52]",
        "resolved": "1.1.52",
        "contentHash": "kv+US/+7QKV1iT/snxBh032vwZ+3krJ4vujlSsvmS2nNj/nK64R3bq/ST3bCFquxHDD0mog8irtCBCsFazr4kA=="
      },
      "Nerdbank.GitVersioning": {
        "type": "Direct",
        "requested": "[3.10.85, 3.10.85]",
        "resolved": "3.10.85",
        "contentHash": "smhqiTAbnI/6NRn+k7m+a65qKY7nREbnFqFgqxiw3JS8kXiBUOxdCxIZFP9TOpCsoh46DbMlBlcd+dWQYAVVCA=="
      }
    }
  }
}