{
  "version": 1,
  "dependencies": {
    ".NETnanoFramework,Version=v1.0": {
      "CCSWE.nanoFramework.Core": {
        "type": "Direct",
        "requested": "[1.0.47, 1.0.47]",
        "resolved": "1.0.47",
        "contentHash": "SwLWEFVGpqCl3WAxx9KNanoaV+BSnGzOO3s5YKy8/SDi5tN5asYndfg476QwLq3jEdpA9lXCJXzTgYizHYF0sQ=="
      },
      "CCSWE.nanoFramework.Hosting": {
        "type": "Direct",
        "requested": "[0.2.70, 0.2.70]",
        "resolved": "0.2.70",
        "contentHash": "3VSENTtunnL134PBhQXJ19lqLzBf+uQqbmrcA6aw6dK2VfBax+6jpJ1FQA9eKFVpQoJotcpIQ6QUYxnjA5zt4g=="
      },
      "CCSWE.nanoFramework.Logging": {
        "type": "Direct",
        "requested": "[0.1.47, 0.1.47]",
        "resolved": "0.1.47",
        "contentHash": "8mmNVFpQHXzldLGdedSYQQ84xb6LjJMo0HUuvgBiR1iRwMj9PWu5iO1UCMyuUo18LCmicyua8ut+OJoA0+lk3A=="
      },
      "nanoFramework.CoreLibrary": {
        "type": "Direct",
        "requested": "[1.15.5, 1.15.5]",
        "resolved": "1.15.5",
        "contentHash": "u2+GvAp1uxLrGdILACAZy+EVKOs28EQ52j8Lz7599egXZ3GBGejjnR2ofhjMQwzrJLlgtyrsx8nSLngDfJNsAg=="
      },
      "nanoFramework.DependencyInjection": {
        "type": "Direct",
        "requested": "[1.1.11, 1.1.11]",
        "resolved": "1.1.11",
        "contentHash": "9YKkTehl/1ZUxzx5o6zJPd0g0Qm1XibUDSkA+hpbcf5OVpoV2ciWyMLwz3+cbWf/IFSm7De7HrZclOukTxYS8w=="
      },
      "nanoFramework.Graphics": {
        "type": "Direct",
        "requested": "[1.2.22, 1.2.22]",
        "resolved": "1.2.22",
        "contentHash": "TDK2KaS0ysqnIsnLtQPvYSSB/vUSVe31mG2SmMADoSBfm6TzJ62+2wsTBjTAgsjMoGRWyUFinRe8STew0WbKeg=="
      },
      "nanoFramework.Graphics.Core": {
        "type": "Direct",
        "requested": "[1.2.22, 1.2.22]",
        "resolved": "1.2.22",
        "contentHash": "TqxGYtwOjGqEMjnoR1SSvlimcXbO5QdYBXSMWgrpDcBMbr1edQfsJ3cwAOsn7t1+C6ML3cUURMfwkXsi8aTjVw=="
      },
      "nanoFramework.Hardware.Esp32.Rmt": {
        "type": "Direct",
        "requested": "[2.0.13, 2.0.13]",
        "resolved": "2.0.13",
        "contentHash": "JWVYJ+8SgySh/QXRk2YJ3q/ZfPSq7Q4PBd9qpRpBEQ8XjhrLOWiIc/jhAqVSs5BG73K/j0wot1tSNOOBh8mWIw=="
      },
      "nanoFramework.Hosting": {
        "type": "Direct",
        "requested": "[1.0.55, 1.0.55]",
        "resolved": "1.0.55",
        "contentHash": "bGPMObTqTI9xiWawO6C/XeMWpZxYPlYdpiTEQCM4cRxVdGSIxVJd/QA4EkG5f4npXVO5oWEhb5DMv+vVovZmJA=="
      },
      "nanoFramework.Iot.Device.Button": {
        "type": "Direct",
        "requested": "[1.2.718, 1.2.718]",
        "resolved": "1.2.718",
        "contentHash": "u+jJCTtHEcYdWnRe7u1sSqObqlSu2c9UyyAgB0q1XYVVQYOSSCorVATgFi5d49OfVAP9so6c9I19lZogksGUAQ=="
      },
      "nanoFramework.Json": {
        "type": "Direct",
        "requested": "[2.2.154, 2.2.154]",
        "resolved": "2.2.154",
        "contentHash": "JfPMDuZ9HOSzPgFJzMfAqW4s0r11+SDXBxfUReqCmqWKZv/m6lAdMAOrtoAI46tJeNnaYOT5sP/K1DCLC4PgJg=="
      },
      "nanoFramework.Logging": {
        "type": "Direct",
        "requested": "[1.1.124, 1.1.124]",
        "resolved": "1.1.124",
        "contentHash": "qsMTQ3jY/JpnuusZus9cnayloOUT+itoHvDHXw06DEqPhS1injHxcFEPMTgmQjvZI8rV7bVUcVKW7MIDrs2Ctw=="
      },
      "nanoFramework.ResourceManager": {
        "type": "Direct",
        "requested": "[1.2.19, 1.2.19]",
        "resolved": "1.2.19",
        "contentHash": "LogHT5t1yvy8aMz7zv3AUDgZQEkzn1sDFBGGan2ceSnoyO0S3CD6VbAmA6+na30cEAy6Xczj7B6wr6SVuA1GNQ=="
      },
      "nanoFramework.Runtime.Events": {
        "type": "Direct",
        "requested": "[1.11.18, 1.11.18]",
        "resolved": "1.11.18",
        "contentHash": "t0XpUkdyBBBv/0S4oGx3yUJG1iPYWc38odvZW8mVoioSxZOJrRkRHpNfwYxTxtP4LIEyyesOPEH42d05FHfHzA=="
      },
      "nanoFramework.Runtime.Native": {
        "type": "Direct",
        "requested": "[1.7.1, 1.7.1]",
        "resolved": "1.7.1",
        "contentHash": "RCiG3D+SxG4wVSBXuXP0y8EZWBd65bfJ9AJj0USNnfL65Aa+nUXmXa6QIxkeolSjDH4jLgKjlIuTXOA7t+AQGQ=="
      },
      "nanoFramework.System.Collections": {
        "type": "Direct",
        "requested": "[1.5.45, 1.5.45]",
        "resolved": "1.5.45",
        "contentHash": "dil6zTz67ACEboy5aWib+lcK+v5eOdvChow3UoZjPdH/fsHsHl26D6/OmQKp+KPVdi5/59WUM5InFB4F5FEQfQ=="
      },
      "nanoFramework.System.Device.Gpio": {
        "type": "Direct",
        "requested": "[1.1.41, 1.1.41]",
        "resolved": "1.1.41",
        "contentHash": "5QnpdfvjxOvka2S5IHSdKudWmkH+CDQ3TFFuXOGuNlgZJFsAx0/k5zuwgJYkxIyGbL8kdcjBWLyDNdihjA1pUg=="
      },
      "nanoFramework.System.IO.Streams": {
        "type": "Direct",
        "requested": "[1.1.75, 1.1.75]",
        "resolved": "1.1.75",
        "contentHash": "1wI+DeqR2osn9CRBw/DWaWB/5MBOIvaHHBLqjupW+Ew7e2neIWetOHc+J5yUGTZlxR38CgExpd1ddCXCDLtLWg=="
      },
      "nanoFramework.System.Net": {
        "type": "Direct",
        "requested": "[1.11.12, 1.11.12]",
        "resolved": "1.11.12",
        "contentHash": "ByDjj0b4Mx/kVq8QN/ta5lpgksUUqXo39EX64dXj10pOB58gsUhZ0EYq3Pi3Sx4lLe43e9kd+Zv/YpXI078rMA=="
      },
      "nanoFramework.System.Net.Http": {
        "type": "Direct",
        "requested": "[1.5.157, 1.5.157]",
        "resolved": "1.5.157",
        "contentHash": "+dGjmcou5LqG52GasM35WKtL1GSRxIk5hHT8piW25sDbry6EFfed6ndSpU4MvnmxClMf/ulvHECm1krZuOOwYQ=="
      },
      "nanoFramework.System.Runtime": {
        "type": "Direct",
        "requested": "[1.0.27, 1.0.27]",
        "resolved": "1.0.27",
        "contentHash": "aMwvQV6AR+XlDc+dHR/fWWnTe5dc7LDaqZS0ccfmd31Y39dZnmX3iQB2wXWtZGvXLCC+obc3IF3Vc70FiG0raw=="
      },
      "nanoFramework.System.Text": {
        "type": "Direct",
        "requested": "[1.2.54, 1.2.54]",
        "resolved": "1.2.54",
        "contentHash": "k3OutSNRMs9di42LQ+5GbpHBY07aMEZWGkaS3Mj3ZU4cWqJc4deFGzRd+LBFQl1mRGdQaM5sl/euTZdcg8R9Zg=="
      },
      "nanoFramework.System.Threading": {
        "type": "Direct",
        "requested": "[1.1.32, 1.1.32]",
        "resolved": "1.1.32",
        "contentHash": "6o7Y4gH15FLuo2FWGLecABiCD57V5QMf5g/hEneV64VmhoXI8Bk7r6BDBPTfAePs738xbc1ECpA5dJmbSmtilg=="
      },
      "nanoFramework.TestFramework": {
        "type": "Direct",
        "requested": "[3.0.49, 3.0.49]",
        "resolved": "3.0.49",
        "contentHash": "+9xecBciJEhjSbNvnfET1nT3Zxvem9DMg8/yd30EOTHbccFhp5sjG5SO3CWVP/aLJib2I8KkjINiWXPjAuW7+w=="
      },
      "Nerdbank.GitVersioning": {
        "type": "Direct",
        "requested": "[3.7.112, 3.7.112]",
        "resolved": "3.7.112",
        "contentHash": "j0jcfnTjvhytRanVR34Gaj6RFKk8EDmVhRW7929nWjCo8tzBxsa3XmFmbSGDA6nWXGhfehTixWhPgGWAbz+NQA=="
      }
    }
  }
}