{
  "version": 1,
  "dependencies": {
    ".NETnanoFramework,Version=v1.0": {
      "CCSWE.nanoFramework.Collections.Concurrent": {
        "type": "Direct",
        "requested": "[1.1.66, 1.1.66]",
        "resolved": "1.1.66",
        "contentHash": "LrCsQVGlwqa6vZCIWVWbNchxTs+odxra81+XWNWpvgpJt18/Rtq2r4NXrQL6vfu7ZULJzVrnTiRnw/Q5vGTh1g=="
      },
      "CCSWE.nanoFramework.Configuration": {
        "type": "Direct",
        "requested": "[1.1.66, 1.1.66]",
        "resolved": "1.1.66",
        "contentHash": "0UNR4UkGHaKB7iX1/qiG8zW74NJ+Pzh6ukOpn4DZ1SPP+GBCROXNCOmRSsSGMRZHGll250/TvQ1l65nc7Id3lA=="
      },
      "CCSWE.nanoFramework.Core": {
        "type": "Direct",
        "requested": "[1.1.66, 1.1.66]",
        "resolved": "1.1.66",
        "contentHash": "I1bgSRHKVgjKmc1rTUxZNHL/N+XvMCh5FLHwMetmwhqk/HyYM4ks45G/v8Ym/X0QXel9XejDGrWnRKiaFT8DCQ=="
      },
      "CCSWE.nanoFramework.Hosting": {
        "type": "Direct",
        "requested": "[1.1.66, 1.1.66]",
        "resolved": "1.1.66",
        "contentHash": "ZOOZpgi+85S5Iuuuirqr5ojDcnCXQMGl6SCDq695O45ni7zXalPVyvJhQ1AqhJxZWjSBJ0zvLahxHYXV0G8lBA=="
      },
      "CCSWE.nanoFramework.Logging": {
        "type": "Direct",
        "requested": "[1.1.66, 1.1.66]",
        "resolved": "1.1.66",
        "contentHash": "59br8Cn+Bb+0SvNULpHa+1O3W47tedUeeXCxAlNkLtTxL8rgvjbcckn+FgGWDDtYv/AzSPLtoiwd4mJ0LjIT3w=="
      },
      "CCSWE.nanoFramework.Mediator": {
        "type": "Direct",
        "requested": "[1.1.66, 1.1.66]",
        "resolved": "1.1.66",
        "contentHash": "bncnR2EaLrMjHmgxBO9YzuK24Vr2vcwv6FU5a5NAOWY8bI9LQvBhwt9p5QhdulyJIafZM+d170P1FYMLMPqWUA=="
      },
      "CCSWE.nanoFramework.Threading": {
        "type": "Direct",
        "requested": "[1.1.66, 1.1.66]",
        "resolved": "1.1.66",
        "contentHash": "XPA319qGc4XvxJ267133WZqzvW+9MdxgziQfrJixdvmPkpWf5l/GgJQ1Pu69yH4V69KGrSG64bN+lO+BlWeyXA=="
      },
      "nanoFramework.CoreLibrary": {
        "type": "Direct",
        "requested": "[1.17.1, 1.17.1]",
        "resolved": "1.17.1",
        "contentHash": "T/iPvP8AeZs/5UeZgVa2cZVbl79ioeRyBJLzx4qvKbE9RE+984AR5WPY4tjGIdXugs1AFUYYnydvuGCpy+P1ww=="
      },
      "nanoFramework.DependencyInjection": {
        "type": "Direct",
        "requested": "[1.1.29, 1.1.29]",
        "resolved": "1.1.29",
        "contentHash": "cnt1SKcyLNPgGGaYHEvZPZ4z5MvSRV4KEFhjuDelVubMNw7UxSAJOlOP/XhQdEJ9ljKRAY1i8XjRID6Q6vs7Cw=="
      },
      "nanoFramework.Graphics": {
        "type": "Direct",
        "requested": "[1.2.39, 1.2.39]",
        "resolved": "1.2.39",
        "contentHash": "o6qQxN8e9O9+btcRuH4GxWyEOT1D+VY4LYQQ3+iNeIlT2ih7/dFIzUy9zpH+bZUZCImW0FA5DivHWpuGIeMmGw=="
      },
      "nanoFramework.Graphics.Core": {
        "type": "Direct",
        "requested": "[1.2.39, 1.2.39]",
        "resolved": "1.2.39",
        "contentHash": "qHg4JBCBqkqxN8omgDC74Rnk7m1cYFkzzpAeJ+57aach3RLhkTLX5bgA9xhVN3HlZ0DPy0r0CymgNQelz9KLXg=="
      },
      "nanoFramework.Hardware.Esp32.Rmt": {
        "type": "Direct",
        "requested": "[2.0.29, 2.0.29]",
        "resolved": "2.0.29",
        "contentHash": "XAdOji3iSNDO0GLmZmMZEy1di4fReBS8taD9jyJd60UsPuV3z4UCixeQvhiUaZxgdJlDI0hAZBA06Uep4Vy/Eg=="
      },
      "nanoFramework.Hosting": {
        "type": "Direct",
        "requested": "[1.0.72, 1.0.72]",
        "resolved": "1.0.72",
        "contentHash": "HWoBNPzAmY1Qm+rU+ZbMtpUj93DbhoZR7hqd5xg7qHFrzIGnHHQXBOrokxh5q482Kic9tKQ83jj25R0kev5juQ=="
      },
      "nanoFramework.Iot.Device.Button": {
        "type": "Direct",
        "requested": "[1.2.822, 1.2.822]",
        "resolved": "1.2.822",
        "contentHash": "pFzKe0mIIjcfC3cCIFpeQjeO6WEOLATVFViBE9EjsNGMeOvA9x1qWjW+MuG1FfT0LPajMALPVO4FRxdrspKfBg=="
      },
      "nanoFramework.Json": {
        "type": "Direct",
        "requested": "[2.2.185, 2.2.185]",
        "resolved": "2.2.185",
        "contentHash": "vmoNC50qU6XAvY50jCaGcOkJJrNDj20RXwMt0L5rsDpvUrOrEySh2GSUJSNVblV2Ycr8kTLPvDdUjmMBgcn9ww=="
      },
      "nanoFramework.Logging": {
        "type": "Direct",
        "requested": "[1.1.146, 1.1.146]",
        "resolved": "1.1.146",
        "contentHash": "AwnVB8nrJDJqOPq8rSu/96VrmQEDKnc/LXyr69lJhQ2eKOTI0eHvE2rYlwpol0fQC7tMgawK4tGtUz2Xj1oLbw=="
      },
      "nanoFramework.ResourceManager": {
        "type": "Direct",
        "requested": "[1.2.30, 1.2.30]",
        "resolved": "1.2.30",
        "contentHash": "eEUAfqmIJWlXqeJqKfnwCjr1gdG02xdZv9nYLXw4fAlbqHoM4oHNgdfA0QE5rJqIIZaKtmNHLnrIX7J4ikZUoA=="
      },
      "nanoFramework.Runtime.Events": {
        "type": "Direct",
        "requested": "[1.11.30, 1.11.30]",
        "resolved": "1.11.30",
        "contentHash": "uhLQLq/CRGCTvmJwbh2vXYVWyBl17jc1FBe3Fq1bKJM1+sO+GyhRRYCmezI7v72bRbQ7tpYZTcplJFs/qkAQSQ=="
      },
      "nanoFramework.Runtime.Native": {
        "type": "Direct",
        "requested": "[1.7.9, 1.7.9]",
        "resolved": "1.7.9",
        "contentHash": "ekjQ4lTNVZ5FNrgry6XV0e7ydOSvcDGuAnSaNQewiBQAfSbpTZx3njCwU5SU5wcO+tBqT4wP7K1LNtw7unaUkg=="
      },
      "nanoFramework.System.Collections": {
        "type": "Direct",
        "requested": "[1.5.62, 1.5.62]",
        "resolved": "1.5.62",
        "contentHash": "tqYYxVHnfJU+v4aOwtW5u6oI3DWYx+njaTa2gY3LXkcltHlaNCXD4c5q314Zb17isZiizKXIB+X9vJnwxw1oLA=="
      },
      "nanoFramework.System.Device.Gpio": {
        "type": "Direct",
        "requested": "[1.1.55, 1.1.55]",
        "resolved": "1.1.55",
        "contentHash": "0DddX0gxw/WrOVZijok0T1hBr0TBWkpQQkQNjQ8sV/JSWVelluoMkZiMPdxZt7C+U/wxF08buuIKsAbGZQ5xtg=="
      },
      "nanoFramework.System.IO.FileSystem": {
        "type": "Direct",
        "requested": "[1.1.80, 1.1.80]",
        "resolved": "1.1.80",
        "contentHash": "DQ7o0IDznDJLZ3CwWqIZdixaRDo7KxZktAyfHmD5PCAd1GiFNG6K0E/L6flBN4JypMT1Th+h29vEGyCQbwoGpg=="
      },
      "nanoFramework.System.IO.Streams": {
        "type": "Direct",
        "requested": "[1.1.89, 1.1.89]",
        "resolved": "1.1.89",
        "contentHash": "dXDRUuNW8tJgJekTGP/EA5MVMGfeBeIDfTMlFyN1OHN9Yq0OyiKp/NiLjwtiak4o7uLn/03x76vlCFju7yhIHg=="
      },
      "nanoFramework.System.Net": {
        "type": "Direct",
        "requested": "[1.11.34, 1.11.34]",
        "resolved": "1.11.34",
        "contentHash": "g2v/2zwx+fj7H3ccusrex34c1HotrWztyl5pD5yqYpZ4HofUX4exP3j55SfufUHN26xjQolvI+1E4CTFG8Tc9Q=="
      },
      "nanoFramework.System.Net.Http": {
        "type": "Direct",
        "requested": "[1.5.184, 1.5.184]",
        "resolved": "1.5.184",
        "contentHash": "GdlP5QKcP4iSNwoyOrni6vbPdZ5cZ42O/k59bGiDg4Dwlkqk5iYV1d++p6TLK4NiyisRCPa4EkhwO6dOoSbeHg=="
      },
      "nanoFramework.System.Text": {
        "type": "Direct",
        "requested": "[1.3.29, 1.3.29]",
        "resolved": "1.3.29",
        "contentHash": "h7Jbjd8vmNrro/co6s+Zth+OvStgvOiT3RQtlaqa2t6FmnLZGXkF7LAykjLqWeNfHTafGbBLkSMqHw2VHo4Dmg=="
      },
      "nanoFramework.System.Threading": {
        "type": "Direct",
        "requested": "[1.1.49, 1.1.49]",
        "resolved": "1.1.49",
        "contentHash": "5bEuDurXfTJiLKzDMqGJnG/IjvxJHOyBhuyQXoA+iRw4SD5ppRUDVaczK7Xl6UuPfVlxvA7vPzW/VTM769KxcA=="
      },
      "nanoFramework.TestFramework": {
        "type": "Direct",
        "requested": "[3.0.68, 3.0.68]",
        "resolved": "3.0.68",
        "contentHash": "K+CKHTFqUW0H46CjkcLOCHcrLJDGmwErisQDXIKvUEgp0gE7rrsAat072aCcjXxojotSwa34hD/NIV4OF7vXgQ=="
      },
      "Nerdbank.GitVersioning": {
        "type": "Direct",
        "requested": "[3.7.115, 3.7.115]",
        "resolved": "3.7.115",
        "contentHash": "EpXamaAdRfG/BMxGgvZlTM0npRnkmXUjAj8OdNKd17t4oN+2nvjdv/KnFmzOOMDqvlwB49UCwtOHJrAQTfUBtQ=="
      }
    }
  }
}