{
  "version": 1,
  "dependencies": {
    ".NETnanoFramework,Version=v1.0": {
      "CCSWE.nanoFramework.Core": {
        "type": "Direct",
        "requested": "[1.1.51, 1.1.51]",
        "resolved": "1.1.51",
        "contentHash": "XPDdTuH6/kQyBRsxcp4yl6jyWDX8HBbOQp5xzHNFBGSpLxxbbPMOFFRh23kUWFXGca7txc2Ru6Uiabprk/3VZQ=="
      },
      "CCSWE.nanoFramework.Hosting": {
        "type": "Direct",
        "requested": "[1.1.51, 1.1.51]",
        "resolved": "1.1.51",
        "contentHash": "GehGXQUnm/it1T1DMmQrMjK+l5IJTRvwYGgvg0fz7ab4d0Toz6RjdJa/NUeFe8SnkOLjX8YgOE6QFVO4iUmXCQ=="
      },
      "CCSWE.nanoFramework.Logging": {
        "type": "Direct",
        "requested": "[1.1.51, 1.1.51]",
        "resolved": "1.1.51",
        "contentHash": "ut+wBG06fdJjlx6ZtO+h6AZ9Bsxh2ROSdwbibEWjGw1B15HXoc/zbbK2Zcn0MVsRKJnYcjW3QRGzFiF/jU/X3A=="
      },
      "nanoFramework.CoreLibrary": {
        "type": "Direct",
        "requested": "[1.16.11, 1.16.11]",
        "resolved": "1.16.11",
        "contentHash": "2XW+Zn0lQ+lOcxDbB1l2ga2rNoj9Jv2IeJwXE4ka1r+swmxn5N/otlMJVEXJgK8trUeD/E8T7+J7dXjU8UReHw=="
      },
      "nanoFramework.DependencyInjection": {
        "type": "Direct",
        "requested": "[1.1.25, 1.1.25]",
        "resolved": "1.1.25",
        "contentHash": "bakhjevfhq+bQ4rXvwizun590Hlkf++U31XFektTHBr1+E7hdZelqj29ESxb3VYDoJgTzVFFkBAljT1A6ceesg=="
      },
      "nanoFramework.Graphics": {
        "type": "Direct",
        "requested": "[1.2.35, 1.2.35]",
        "resolved": "1.2.35",
        "contentHash": "K9Qb+LZUSsDSZNymtlNSKLErXvxTmSVIQo5hIHCpU+dNyXLNEA8AFzBGggcrK3J95hRAOJk75vKLS2YQAXkWag=="
      },
      "nanoFramework.Graphics.Core": {
        "type": "Direct",
        "requested": "[1.2.35, 1.2.35]",
        "resolved": "1.2.35",
        "contentHash": "x7G28CjHL5VayU8ID49tR3apQeWQSGkwo85KnLri0zoc2NAN9b5TONaZc5J5OmO6vSE6B3jQRU3QmR+H+pOv2g=="
      },
      "nanoFramework.Hardware.Esp32.Rmt": {
        "type": "Direct",
        "requested": "[2.0.22, 2.0.22]",
        "resolved": "2.0.22",
        "contentHash": "T1uKYII2DrlWQlx3QPdQknrt0P814pJgLTp19Qk6e0mTv0yRG0NPlHtdJiLiLuN6+gAv06IeYiQ5ljD31X442A=="
      },
      "nanoFramework.Hosting": {
        "type": "Direct",
        "requested": "[1.0.68, 1.0.68]",
        "resolved": "1.0.68",
        "contentHash": "+AoiQzYxKCq0lklSw8SR4iutQiwZWpLEmYHej6lR2NFRvy2+W5JtqHoLLDyOMLOyIMcnGJFnDwyidmxWneZWXA=="
      },
      "nanoFramework.Iot.Device.Button": {
        "type": "Direct",
        "requested": "[1.2.775, 1.2.775]",
        "resolved": "1.2.775",
        "contentHash": "Eu0P0ZocW3Uc0PUZqpfzWkF88GbmZxezkrZt3uGCsDBogd39Qhe2oMj9SveH1nGLEVYWxBxoNZjosiW3XRQAhQ=="
      },
      "nanoFramework.Json": {
        "type": "Direct",
        "requested": "[2.2.176, 2.2.176]",
        "resolved": "2.2.176",
        "contentHash": "Th3v9ljmj7AJVxnebNhxV/Mjs0Wd/Llw76Cj+aO6uwafea3m49GglfMCp6vFQmlD/gDheAJ13Sc1mKjZ1RVW4w=="
      },
      "nanoFramework.Logging": {
        "type": "Direct",
        "requested": "[1.1.140, 1.1.140]",
        "resolved": "1.1.140",
        "contentHash": "ovkfxUF5LyZwJ/RqCwSW6e8z8UGJk1xEDSlHgpNc7DBpTjWe1vA9TGTsI6idgd1177sDKpb2hN05NnXzKEwaEA=="
      },
      "nanoFramework.ResourceManager": {
        "type": "Direct",
        "requested": "[1.2.29, 1.2.29]",
        "resolved": "1.2.29",
        "contentHash": "fOE/9120Jn9t5bvushNoLjqZuFKsBskzMm1dtdriqugDGIyeZcc91qyNUnHkU0/k66Ozq6t7tOiBlI/rLkNkoQ=="
      },
      "nanoFramework.Runtime.Events": {
        "type": "Direct",
        "requested": "[1.11.29, 1.11.29]",
        "resolved": "1.11.29",
        "contentHash": "y3Y0SNfr1afMor4xrsiB1ETldjKvmnzBTcEH5gizFFXw3RNBB/N8npWqkCJn4HZS0TEENlH2vVrib3bWYMx5+Q=="
      },
      "nanoFramework.Runtime.Native": {
        "type": "Direct",
        "requested": "[1.7.8, 1.7.8]",
        "resolved": "1.7.8",
        "contentHash": "8wWz/dUDJ3BHTVHNZ9VqLjaWyfn9OB1DU2iJgY7WvV/DkVMF3mLw80/3g5I5BfAUUhNq1DgQo8Id5yt4QOZq+g=="
      },
      "nanoFramework.System.Collections": {
        "type": "Direct",
        "requested": "[1.5.59, 1.5.59]",
        "resolved": "1.5.59",
        "contentHash": "wlA2L43ofEwwLY69fDaGhIPmqz5v7Ux8tdG/Iob/7QEn1KK8ecfDSLQlxWUIxxI+i1aTMvLcu8/whZPoq3OpLw=="
      },
      "nanoFramework.System.Device.Gpio": {
        "type": "Direct",
        "requested": "[1.1.53, 1.1.53]",
        "resolved": "1.1.53",
        "contentHash": "7Pd5iAeWPGdtKUB+OJ0vPjL+d9tQAK0s0JxV1dfjh6PZcU38wykdK64oMqNmCbDFA0aiZl0UyFmz3zXchn39nQ=="
      },
      "nanoFramework.System.IO.Streams": {
        "type": "Direct",
        "requested": "[1.1.86, 1.1.86]",
        "resolved": "1.1.86",
        "contentHash": "Gyxka4hQVjT+oQFqE8wMcA39wZSZNKuOdtNJeIxsuJdjFi0+nnoAFrGtskqaIXVZdn2sSmTFKNahy4376YhPXQ=="
      },
      "nanoFramework.System.Net": {
        "type": "Direct",
        "requested": "[1.11.27, 1.11.27]",
        "resolved": "1.11.27",
        "contentHash": "JVG3qp/2Wj15HsqfPjxD+ca72j/9RSyOqVLxCZuoPNyFlTfNMSIXt4pGaB88LYp9Ohj+L6ShzrAAW8aEsws3KQ=="
      },
      "nanoFramework.System.Net.Http": {
        "type": "Direct",
        "requested": "[1.5.175, 1.5.175]",
        "resolved": "1.5.175",
        "contentHash": "0qWAbkjBw6wKJuynN0SGAYSUyDSwjZXkK/mb9DroAt8SsjM3LINrFee6DYv8oIt8IrjdtERvtZVJlAnHiyb0lw=="
      },
      "nanoFramework.System.Text": {
        "type": "Direct",
        "requested": "[1.3.16, 1.3.16]",
        "resolved": "1.3.16",
        "contentHash": "riHpJLHPhObWXRNEaF5uayhOyO+AHCDV8yDQYGaG/2SrwWjv2hLH+sOKZEqm3Tvv5+RiGSF3nDgGDMxT46dokg=="
      },
      "nanoFramework.System.Threading": {
        "type": "Direct",
        "requested": "[1.1.46, 1.1.46]",
        "resolved": "1.1.46",
        "contentHash": "pd7tiHpOmCqe+2pxqqLyV+iRgg0pURe4xM2MgD6XZJTOyLOCrt0OksaOgBe8frqFfYOCjI1qSBwtVnZeG2SteA=="
      },
      "nanoFramework.TestFramework": {
        "type": "Direct",
        "requested": "[3.0.67, 3.0.67]",
        "resolved": "3.0.67",
        "contentHash": "VMxUKkZlA7chG9fhfCvGTXp7odgPds1GcWOpgDLlWAYKVwPHLEW+MZ3h/FC8JYavo3cReKwu5pUE5CkYl6gN7Q=="
      },
      "Nerdbank.GitVersioning": {
        "type": "Direct",
        "requested": "[3.7.115, 3.7.115]",
        "resolved": "3.7.115",
        "contentHash": "EpXamaAdRfG/BMxGgvZlTM0npRnkmXUjAj8OdNKd17t4oN+2nvjdv/KnFmzOOMDqvlwB49UCwtOHJrAQTfUBtQ=="
      }
    }
  }
}