{
  "version": 1,
  "dependencies": {
    ".NETnanoFramework,Version=v1.0": {
      "CCSWE.nanoFramework.Core": {
        "type": "Direct",
        "requested": "[1.1.127, 1.1.127]",
        "resolved": "1.1.127",
        "contentHash": "kOUvKq+Vb9PVrpUHDGBN69Jnm9EA7jJQQ+BIPWWSbDIfcj+ppjbmMfKb9hdptW6VUrj96CvpvGi3qqBUk4b02w=="
      },
      "CCSWE.nanoFramework.Hosting": {
        "type": "Direct",
        "requested": "[1.1.127, 1.1.127]",
        "resolved": "1.1.127",
        "contentHash": "jQmMHNfW2VHzvfuQX6BmurbnjF1U3kVpMs9qRXPykR683/P7yfkqt1/Fn7u1uWzOyfruqmN3MBQoAFKvhFIkVA=="
      },
      "CCSWE.nanoFramework.Logging": {
        "type": "Direct",
        "requested": "[1.1.127, 1.1.127]",
        "resolved": "1.1.127",
        "contentHash": "UxYn+llzHbSnQctoZsHcQEsICPg+DDIntLGK2Ys6binkbjlThkyGrDBbOESs6gxqFJRxPbDxrRE5p+T7uVUCBA=="
      },
      "nanoFramework.CoreLibrary": {
        "type": "Direct",
        "requested": "[1.17.11, 1.17.11]",
        "resolved": "1.17.11",
        "contentHash": "HezzAc0o2XrSGf85xSeD/6xsO6ohF9hX6/iMQ1IZS6Zw6umr4WfAN2Jv0BrPxkaYwzEegJxxZujkHoUIAqtOMw=="
      },
      "nanoFramework.DependencyInjection": {
        "type": "Direct",
        "requested": "[1.1.32, 1.1.32]",
        "resolved": "1.1.32",
        "contentHash": "jlkGPDppz73ThMFUwj9+bwUFYEM+1ZHf9SzLfj9k64ToMA5k/3l/HWtgBhiZcGcd/Y7H7Q9ISbADEKQ7PMELpg=="
      },
      "nanoFramework.Hosting": {
        "type": "Direct",
        "requested": "[2.0.11, 2.0.11]",
        "resolved": "2.0.11",
        "contentHash": "gs6c2fVEnAy5vskaZG2ZUIeGnxPX58W28+jBCC6aSKfEEwg3Jg4PIFdgFpRnemiqTpllqGZ5jPyBP0oyhg5Zfw=="
      },
      "nanoFramework.Iot.Device.Common.NumberHelper": {
        "type": "Direct",
        "requested": "[1.2.862, 1.2.862]",
        "resolved": "1.2.862",
        "contentHash": "Ax67ee3vmdfH2NdqtdFYawBzxWH5+KsUIvwnTlGHbXR3ko4t5a4mVelEqB4BheJZETRyNMqKcUGWdWFAbO2byQ=="
      },
      "nanoFramework.Iot.Device.Rtc": {
        "type": "Direct",
        "requested": "[1.2.952, 1.2.952]",
        "resolved": "1.2.952",
        "contentHash": "10hslGijeUGfYF2NSgpmmLrMUrBgi6Mbzs9UxBwj7IRbkiyHMtKHOCUqIt5cJ9yKsps8eX1VPiEvJQdn+lcCTA=="
      },
      "nanoFramework.Logging": {
        "type": "Direct",
        "requested": "[1.1.161, 1.1.161]",
        "resolved": "1.1.161",
        "contentHash": "ASEnCqp/WL+0EPyTYAUUdBSX6g1GkqewPOrTCLq9iZicf9+DFDzd+fpzrfinWd3YqSQ+eb16QzReARm1V0EfNw=="
      },
      "nanoFramework.System.Collections": {
        "type": "Direct",
        "requested": "[1.5.67, 1.5.67]",
        "resolved": "1.5.67",
        "contentHash": "MjSipUB70vrxjqTm1KfKTUqqjd0wbweiNyYFXONi0XClrH6HXsuX2lhDqXM8NWuYnWyYOqx8y20sXbvsH+4brg=="
      },
      "nanoFramework.System.Device.I2c": {
        "type": "Direct",
        "requested": "[1.1.29, 1.1.29]",
        "resolved": "1.1.29",
        "contentHash": "q8duNVWeK3RCiTmTZiO1UWr7s9HMsLnKWm5utxy9OQWeQtlh00l5CoFKxjot42s1NY5zLmfq7p7oWM/fgNEtlA=="
      },
      "nanoFramework.System.Text": {
        "type": "Direct",
        "requested": "[1.3.42, 1.3.42]",
        "resolved": "1.3.42",
        "contentHash": "68HPjhersNpssbmEMUHdMw3073MHfGTfrkbRk9eILKbNPFfPFck7m4y9BlAi6DaguUJaeKxgyIojXF3SQrF8/A=="
      },
      "nanoFramework.System.Threading": {
        "type": "Direct",
        "requested": "[1.1.52, 1.1.52]",
        "resolved": "1.1.52",
        "contentHash": "kv+US/+7QKV1iT/snxBh032vwZ+3krJ4vujlSsvmS2nNj/nK64R3bq/ST3bCFquxHDD0mog8irtCBCsFazr4kA=="
      },
      "nanoFramework.UnitsNet.Temperature": {
        "type": "Direct",
        "requested": "[5.76.15, 5.76.15]",
        "resolved": "5.76.15",
        "contentHash": "rmgtqp2kdwd1LkWCHy/iabt4HFHPgTSllCc8ex8M1xJ/2n3CH+Udng7M/wbtMP5II2yF5zMqxowzQ2iKOaoX/g=="
      },
      "Nerdbank.GitVersioning": {
        "type": "Direct",
        "requested": "[3.9.50, 3.9.50]",
        "resolved": "3.9.50",
        "contentHash": "HtOgGF6jZ+WYbXnCUCYPT8Y2d6mIJo9ozjK/FINTRsXdm4Zgv9GehUMa7EFoGQkqrMcDJNOIDwCmENnvXg4UbA=="
      }
    }
  }
}