{
  "version": 1,
  "dependencies": {
    ".NETnanoFramework,Version=v1.0": {
      "CCSWE.nanoFramework.Core": {
        "type": "Direct",
        "requested": "[1.1.114, 1.1.114]",
        "resolved": "1.1.114",
        "contentHash": "xHO3C3cjGG6TSfc/XE68ddLrFWRreqazgxU+CaCJKBwztP3JQ1aQCGQqk7Z+DXFQGW8aVmqZRHtIgNgmXkM0zA=="
      },
      "CCSWE.nanoFramework.Hosting": {
        "type": "Direct",
        "requested": "[1.1.114, 1.1.114]",
        "resolved": "1.1.114",
        "contentHash": "R685nWeLAB4jTng1lVLrlfbuermHSR1IxUxU+Pk8IcO2nP5vx2YlY088OmsYjvzHbX5Ifi94J+KwyNvJF7Qjxw=="
      },
      "CCSWE.nanoFramework.Logging": {
        "type": "Direct",
        "requested": "[1.1.114, 1.1.114]",
        "resolved": "1.1.114",
        "contentHash": "vFg9L5WYe0kt4esmMf5pdoGub+3L0b32snqjfoOpv9Bk5RIbaZd7CGpYKzBtix9yp7maR48fsfpq6h33MRQiTA=="
      },
      "nanoFramework.CoreLibrary": {
        "type": "Direct",
        "requested": "[1.17.11, 1.17.11]",
        "resolved": "1.17.11",
        "contentHash": "HezzAc0o2XrSGf85xSeD/6xsO6ohF9hX6/iMQ1IZS6Zw6umr4WfAN2Jv0BrPxkaYwzEegJxxZujkHoUIAqtOMw=="
      },
      "nanoFramework.DependencyInjection": {
        "type": "Direct",
        "requested": "[1.1.32, 1.1.32]",
        "resolved": "1.1.32",
        "contentHash": "jlkGPDppz73ThMFUwj9+bwUFYEM+1ZHf9SzLfj9k64ToMA5k/3l/HWtgBhiZcGcd/Y7H7Q9ISbADEKQ7PMELpg=="
      },
      "nanoFramework.Hosting": {
        "type": "Direct",
        "requested": "[2.0.11, 2.0.11]",
        "resolved": "2.0.11",
        "contentHash": "gs6c2fVEnAy5vskaZG2ZUIeGnxPX58W28+jBCC6aSKfEEwg3Jg4PIFdgFpRnemiqTpllqGZ5jPyBP0oyhg5Zfw=="
      },
      "nanoFramework.Logging": {
        "type": "Direct",
        "requested": "[1.1.161, 1.1.161]",
        "resolved": "1.1.161",
        "contentHash": "ASEnCqp/WL+0EPyTYAUUdBSX6g1GkqewPOrTCLq9iZicf9+DFDzd+fpzrfinWd3YqSQ+eb16QzReARm1V0EfNw=="
      },
      "nanoFramework.System.Collections": {
        "type": "Direct",
        "requested": "[1.5.67, 1.5.67]",
        "resolved": "1.5.67",
        "contentHash": "MjSipUB70vrxjqTm1KfKTUqqjd0wbweiNyYFXONi0XClrH6HXsuX2lhDqXM8NWuYnWyYOqx8y20sXbvsH+4brg=="
      },
      "nanoFramework.System.Device.I2s": {
        "type": "Direct",
        "requested": "[1.0.28, 1.0.28]",
        "resolved": "1.0.28",
        "contentHash": "eOdZXYbrMw/xY4dc2tRr3T4yzYPiTDZLlpXeOdmpU7BPIL6GQ0i7aXXk7v+8MFYMCnKHIoQzdSDizEDyb7M1AQ=="
      },
      "nanoFramework.System.IO.Streams": {
        "type": "Direct",
        "requested": "[1.1.96, 1.1.96]",
        "resolved": "1.1.96",
        "contentHash": "kJSy4EJwChO4Vq3vGWP9gNRPFDnTsDU5HxzeI7NDO+RjbDsx7B8EhKymoeTPLJCxQq8y/0P1KG2XCxGpggW+fw=="
      },
      "nanoFramework.System.Text": {
        "type": "Direct",
        "requested": "[1.3.42, 1.3.42]",
        "resolved": "1.3.42",
        "contentHash": "68HPjhersNpssbmEMUHdMw3073MHfGTfrkbRk9eILKbNPFfPFck7m4y9BlAi6DaguUJaeKxgyIojXF3SQrF8/A=="
      },
      "nanoFramework.System.Threading": {
        "type": "Direct",
        "requested": "[1.1.52, 1.1.52]",
        "resolved": "1.1.52",
        "contentHash": "kv+US/+7QKV1iT/snxBh032vwZ+3krJ4vujlSsvmS2nNj/nK64R3bq/ST3bCFquxHDD0mog8irtCBCsFazr4kA=="
      },
      "Nerdbank.GitVersioning": {
        "type": "Direct",
        "requested": "[3.9.50, 3.9.50]",
        "resolved": "3.9.50",
        "contentHash": "HtOgGF6jZ+WYbXnCUCYPT8Y2d6mIJo9ozjK/FINTRsXdm4Zgv9GehUMa7EFoGQkqrMcDJNOIDwCmENnvXg4UbA=="
      }
    }
  }
}