{
  "version": 1,
  "dependencies": {
    ".NETnanoFramework,Version=v1.0": {
      "CCSWE.nanoFramework.Collections.Concurrent": {
        "type": "Direct",
        "requested": "[1.1.142, 1.1.142]",
        "resolved": "1.1.142",
        "contentHash": "TUp5OmhdtY6zlNBUnulh8uVhw9N7vtxeyGr0US7JLXYLcJwZscukcl/potBWB/9RnAUHsjrV2llT8MWUiL3TAw=="
      },
      "CCSWE.nanoFramework.Configuration": {
        "type": "Direct",
        "requested": "[1.1.142, 1.1.142]",
        "resolved": "1.1.142",
        "contentHash": "CcRqtmCeJA7EKDZ6Sobec3UH4AVKM8PwxoZV3qXM/OXsbw7iogK3wRfWeSPKX6acF7NoTP6izKup+WQHdI+qqQ=="
      },
      "CCSWE.nanoFramework.Core": {
        "type": "Direct",
        "requested": "[1.1.142, 1.1.142]",
        "resolved": "1.1.142",
        "contentHash": "abjVxjpnTMjk/bDE5wwGIUqsjF2xBPZvpJFH8OuH4YtiOyb4IUDImzn6iJ6CTq7WJvL5MMAJUNET055nMDnzqQ=="
      },
      "CCSWE.nanoFramework.Graphics": {
        "type": "Direct",
        "requested": "[1.1.142, 1.1.142]",
        "resolved": "1.1.142",
        "contentHash": "LgFkI9oP8+WGjebWhU+XqKQvCtFyMRZV19+yPs3gUl9Fee/eb0pNjkDMSs7wl2hY+6zjad6cdNSkEg78VoPGdg=="
      },
      "CCSWE.nanoFramework.Hosting": {
        "type": "Direct",
        "requested": "[1.1.142, 1.1.142]",
        "resolved": "1.1.142",
        "contentHash": "1uOVIAbXNKVkCxK/42T9P8pSDfrkQKcGbXCmGDlkJXd0PtZj3Z6+DL1nWg7zGDjf1P47mHoSTyX5ZvAKbrHVEg=="
      },
      "CCSWE.nanoFramework.Logging": {
        "type": "Direct",
        "requested": "[1.1.142, 1.1.142]",
        "resolved": "1.1.142",
        "contentHash": "HL9BJUdodATttQKaFENEIFmtrWN8nNxPlZpSYDaAp8aTBp4Ohsspi+MH/UAZT8poW4X6txmuP4Etuir0pHANbw=="
      },
      "CCSWE.nanoFramework.Math": {
        "type": "Direct",
        "requested": "[1.1.142, 1.1.142]",
        "resolved": "1.1.142",
        "contentHash": "SOtur0cOtcZbVZcwTvbx6ODCQuWW4wt7DOzQS0bA3nUpxz2Jsm3DlMz5PMYbO2kfXHY/GEictSUvOs5/Fpl+rQ=="
      },
      "CCSWE.nanoFramework.Mediator": {
        "type": "Direct",
        "requested": "[1.1.142, 1.1.142]",
        "resolved": "1.1.142",
        "contentHash": "VMP0S+y6ZC1DrX7ljXnHfEgi3ON1a3xUEvCv4QqG5F/R9JTKL2m8kYTphIy+6IsIfY4eT5PG5+aSk2dEaE9nYw=="
      },
      "CCSWE.nanoFramework.NeoPixel": {
        "type": "Direct",
        "requested": "[1.1.142, 1.1.142]",
        "resolved": "1.1.142",
        "contentHash": "0v78VeL2t7+1+S7YfzHp3TYHd5CvVDbqf7XfIj8QZhzJqhjWuN/fI97bZmraWfbbcx1dD8d8Cq+ivAyM7QFCDA=="
      },
      "CCSWE.nanoFramework.Threading": {
        "type": "Direct",
        "requested": "[1.1.142, 1.1.142]",
        "resolved": "1.1.142",
        "contentHash": "QnD9bIOmi+2ZydydVkr5BhJwcDY8aHkEf9ZGSnimNStaKev5d5FpKqOQEADLfMer0+vdMPlEOVAyjwMvHj5sMw=="
      },
      "nanoFramework.CoreLibrary": {
        "type": "Direct",
        "requested": "[1.17.11, 1.17.11]",
        "resolved": "1.17.11",
        "contentHash": "HezzAc0o2XrSGf85xSeD/6xsO6ohF9hX6/iMQ1IZS6Zw6umr4WfAN2Jv0BrPxkaYwzEegJxxZujkHoUIAqtOMw=="
      },
      "nanoFramework.DependencyInjection": {
        "type": "Direct",
        "requested": "[1.1.32, 1.1.32]",
        "resolved": "1.1.32",
        "contentHash": "jlkGPDppz73ThMFUwj9+bwUFYEM+1ZHf9SzLfj9k64ToMA5k/3l/HWtgBhiZcGcd/Y7H7Q9ISbADEKQ7PMELpg=="
      },
      "nanoFramework.Graphics.Core": {
        "type": "Direct",
        "requested": "[1.2.53, 1.2.53]",
        "resolved": "1.2.53",
        "contentHash": "wAYezYFWaE/sZaUOTOnOXftwmEm4K6UmanviuDJS/aUUdZ2uAqwhpKG84plhb+b2nIXteVYoj060AMPb0Dup2g=="
      },
      "nanoFramework.Graphics.Ili9341": {
        "type": "Direct",
        "requested": "[1.2.53, 1.2.53]",
        "resolved": "1.2.53",
        "contentHash": "JpZdiEvKWqXhO+uFnmEWSK+ZM8qUUc23ynccc9jZzdq5b8fqxk6HpV/PZ0zui1ZjQOqot5e9p1be+8o9cmUrKg=="
      },
      "nanoFramework.Hardware.Esp32": {
        "type": "Direct",
        "requested": "[1.6.40, 1.6.40]",
        "resolved": "1.6.40",
        "contentHash": "jq6wGAXuC5tvkmKaQX1W5NW/IoPLhosASAKbeA5QPDHX35AwOK/l9OZrc8jvgv52DiiXj/WtvKwgPj1W0ocNCQ=="
      },
      "nanoFramework.Hardware.Esp32.Rmt": {
        "type": "Direct",
        "requested": "[2.0.51, 2.0.51]",
        "resolved": "2.0.51",
        "contentHash": "lli5uM8uRxIBhjsKqwKSxXCCues0VBNDkPo+WIgMx8a6A6XUreQn8ZzcOQJKca2v+ZGUjxDXDXc+NxSnn1vR2A=="
      },
      "nanoFramework.Hosting": {
        "type": "Direct",
        "requested": "[2.0.15, 2.0.15]",
        "resolved": "2.0.15",
        "contentHash": "dIBAQpCR4rH5daviYWRhRFcgm11l8GpVPIOrSYUDRDF1p498t1siiIPSMKqnfc0rRcBw9UEpn/QPmRF9l9jWYA=="
      },
      "nanoFramework.Json": {
        "type": "Direct",
        "requested": "[2.2.213, 2.2.213]",
        "resolved": "2.2.213",
        "contentHash": "JZL7ZgzqqNdeLS1zBTJk+EoRSor59R7Cb/mnBAnrMRVzrJOG1z9ZdU4yHiZb+T3+Yp+E4tqi9+OX1Bfxne5WMQ=="
      },
      "nanoFramework.Logging": {
        "type": "Direct",
        "requested": "[1.1.161, 1.1.161]",
        "resolved": "1.1.161",
        "contentHash": "ASEnCqp/WL+0EPyTYAUUdBSX6g1GkqewPOrTCLq9iZicf9+DFDzd+fpzrfinWd3YqSQ+eb16QzReARm1V0EfNw=="
      },
      "nanoFramework.ResourceManager": {
        "type": "Direct",
        "requested": "[1.2.32, 1.2.32]",
        "resolved": "1.2.32",
        "contentHash": "hpBiZ7yx5AnT/0T37cr2ySQwQDLKP+KaWu+O7ln9J43M/WaKFSCZFVsqXeJGby3/JDfm1cxhfOaQ1MMsevrdiA=="
      },
      "nanoFramework.Runtime.Events": {
        "type": "Direct",
        "requested": "[1.11.37, 1.11.37]",
        "resolved": "1.11.37",
        "contentHash": "whTgEJCGpE8eGK7Z2fI6gTqsVeVrnCzP1KDSqIB2PY0/Jyw7NcnwCFe3s/43ch75DuAZt8/jTX0VJoJtN0Colw=="
      },
      "nanoFramework.Runtime.Native": {
        "type": "Direct",
        "requested": "[1.7.11, 1.7.11]",
        "resolved": "1.7.11",
        "contentHash": "XPSTltZ9KeBruogVmjQpCphi1nLoJH49mpyp2eGBs8BTjKuL5TkMO20MoI8r73F/PW5AppTq49HvIZZavU5nPQ=="
      },
      "nanoFramework.System.Collections": {
        "type": "Direct",
        "requested": "[1.5.75, 1.5.75]",
        "resolved": "1.5.75",
        "contentHash": "OiMpKo8RWbjZq1594YjdRnOGNN2aT4nowa+ET7scK0frGCux0a8LGaPkG56mmSfBCKzLlVs13LIlla3XLhXaMA=="
      },
      "nanoFramework.System.Device.Gpio": {
        "type": "Direct",
        "requested": "[1.1.62, 1.1.62]",
        "resolved": "1.1.62",
        "contentHash": "BaSX4efW1WtqVBoqqKs3tb9y3QSZiIPcWyalbxFY7ovQ2FKoyAHI/RzTGjzPtSf3mUwmrvXnPowDida5NY5Urg=="
      },
      "nanoFramework.System.IO.FileSystem": {
        "type": "Direct",
        "requested": "[1.1.93, 1.1.93]",
        "resolved": "1.1.93",
        "contentHash": "pdb/plmQ2kASnPLPlFgKbqcex8vYKR9mZuSyFd3471owR65+y97kHKksOuxE4veABCd8Y2wbxckpqDqXyhVdvA=="
      },
      "nanoFramework.System.IO.Streams": {
        "type": "Direct",
        "requested": "[1.1.96, 1.1.96]",
        "resolved": "1.1.96",
        "contentHash": "kJSy4EJwChO4Vq3vGWP9gNRPFDnTsDU5HxzeI7NDO+RjbDsx7B8EhKymoeTPLJCxQq8y/0P1KG2XCxGpggW+fw=="
      },
      "nanoFramework.System.Math": {
        "type": "Direct",
        "requested": "[1.5.116, 1.5.116]",
        "resolved": "1.5.116",
        "contentHash": "0S05UKcoI9Ukz9cMNPC9huFW9vSL42/4gIh4fw8ou8HkcFmTYb0OL8VF2Ah94hEDW5mqcYAVr0ipuGWPzIRqaA=="
      },
      "nanoFramework.System.Net": {
        "type": "Direct",
        "requested": "[1.11.54, 1.11.54]",
        "resolved": "1.11.54",
        "contentHash": "pV4SDR8SGtRTwpUNVkw682slTtVv3iGSLUVCjyoZ/eBnGdms8XzLxSYstLLdsBmtKEmdnyUWbUl9WYa82h6aKg=="
      },
      "nanoFramework.System.Text": {
        "type": "Direct",
        "requested": "[1.3.42, 1.3.42]",
        "resolved": "1.3.42",
        "contentHash": "68HPjhersNpssbmEMUHdMw3073MHfGTfrkbRk9eILKbNPFfPFck7m4y9BlAi6DaguUJaeKxgyIojXF3SQrF8/A=="
      },
      "nanoFramework.System.Threading": {
        "type": "Direct",
        "requested": "[1.1.52, 1.1.52]",
        "resolved": "1.1.52",
        "contentHash": "kv+US/+7QKV1iT/snxBh032vwZ+3krJ4vujlSsvmS2nNj/nK64R3bq/ST3bCFquxHDD0mog8irtCBCsFazr4kA=="
      },
      "Nerdbank.GitVersioning": {
        "type": "Direct",
        "requested": "[3.10.85, 3.10.85]",
        "resolved": "3.10.85",
        "contentHash": "smhqiTAbnI/6NRn+k7m+a65qKY7nREbnFqFgqxiw3JS8kXiBUOxdCxIZFP9TOpCsoh46DbMlBlcd+dWQYAVVCA=="
      }
    }
  }
}