{
  "version": 1,
  "dependencies": {
    ".NETnanoFramework,Version=v1.0": {
      "CCSWE.nanoFramework.Collections.Concurrent": {
        "type": "Direct",
        "requested": "[0.4.4, 0.4.4]",
        "resolved": "0.4.4",
        "contentHash": "PcrVQaE/mga1CsyNsBuy6WrwX0yZYHsvkxGH2+otzAAhYbtxDiaYjxmz6PE1o50XjdYvjpoNi5KdWG8HJPeG9Q=="
      },
      "CCSWE.nanoFramework.Configuration": {
        "type": "Direct",
        "requested": "[0.2.13, 0.2.13]",
        "resolved": "0.2.13",
        "contentHash": "opf5D/0FkjemcM9Xn/Z/r4liv6Fs5JKpkqUKvDB3YAtqlRxGjHfvral00mTPUf4okzzdbhw5oSa4xiuaDZ5Uww=="
      },
      "CCSWE.nanoFramework.Core": {
        "type": "Direct",
        "requested": "[0.2.6, 0.2.6]",
        "resolved": "0.2.6",
        "contentHash": "Ho8cvm/jY/8y7joI0RbquRXfoRJPXOUPYA08nlOslsk1cWv7D5f49TJRN81DLYFMsAa9QPM1+VZQlBNHU1PGoQ=="
      },
      "CCSWE.nanoFramework.Math": {
        "type": "Direct",
        "requested": "[0.1.1, 0.1.1]",
        "resolved": "0.1.1",
        "contentHash": "YdLRr5AGmsJmdEpVltiuyDn04aNzI2HHPDB8QIKeh7ETbSJoyBCnN1My533XHeMp++OV5sm4aXNVwRGCnjwSjA=="
      },
      "CCSWE.nanoFramework.Mediator": {
        "type": "Direct",
        "requested": "[0.2.12, 0.2.12]",
        "resolved": "0.2.12",
        "contentHash": "m0i9SXcofbEBLvdDiFC1rQE6oJiMasNtZTGqZWfULswMEJ5qfAu5cc3zW3PPPDohlEnxy/qOEMPjFeVw3KYbCg=="
      },
      "CCSWE.nanoFramework.NeoPixel": {
        "type": "Direct",
        "requested": "[0.2.2, 0.2.2]",
        "resolved": "0.2.2",
        "contentHash": "KgVMVOFPLVisFjkZbBoULGiP7zufjeyyFoitu6OfM1377DlJHBAgZjobaTOxERZBCm94vkn9qZ3wvcXDXCcPAw=="
      },
      "CCSWE.nanoFramework.Threading": {
        "type": "Direct",
        "requested": "[0.2.5, 0.2.5]",
        "resolved": "0.2.5",
        "contentHash": "Yfu0q/bk1F9ThlBHhC2UCr3N6kBx6ZVL5tfb+iIOGKI94LnS3QrwGncufi4ZTHSDZJK9BLPHFq0P7A3iikthZQ=="
      },
      "MakoIoT.Device": {
        "type": "Direct",
        "requested": "[1.0.40.18601, 1.0.40.18601]",
        "resolved": "1.0.40.18601",
        "contentHash": "QvrX8wgmE9p7HKmpEP7H2ZRtdr3s7p6whTTN18sIiIdYpMASfjM80ebSI1e8J8Vo3/IxQYvsDedehBb30AgCxQ=="
      },
      "MakoIoT.Device.Services.FileStorage": {
        "type": "Direct",
        "requested": "[1.0.31.6741, 1.0.31.6741]",
        "resolved": "1.0.31.6741",
        "contentHash": "af9bjl20SBk8VWXR1+lNf7KuuVnntkLpOyrrMkxKTGIGYzscfpdLr3P8YZl6Ch5FPHk84+pPAICeSv8gxbz6/A=="
      },
      "MakoIoT.Device.Services.Interface": {
        "type": "Direct",
        "requested": "[1.0.38.18612, 1.0.38.18612]",
        "resolved": "1.0.38.18612",
        "contentHash": "IRRes31bgCuXphNMXUjaClRbQDypt3gLzEr3jVj83+zrCmhe5I7F5fkfQHaD+dP334Kqka/Y1l9I675t6ELY+A=="
      },
      "MakoIoT.Device.Services.Server": {
        "type": "Direct",
        "requested": "[1.0.35.21879, 1.0.35.21879]",
        "resolved": "1.0.35.21879",
        "contentHash": "F+jpZ2fipIhEMCnoVAVu9+uKr0UEl0ICJ7fl3/fpZcnIuWVKUfFaTLTQfL3iGKKPTbmD9O2DXJdm8Ss9+mDgnw=="
      },
      "MakoIoT.Device.Utilities.String": {
        "type": "Direct",
        "requested": "[1.0.31.17475, 1.0.31.17475]",
        "resolved": "1.0.31.17475",
        "contentHash": "nHfxvGw2ASrcLkGubXzBrrQxe5JORFpEJMTkYwmaLL4LXc6H9A20uTVYKBZcf5d4dmgbMQzpwXrtwwg/uhjYtg=="
      },
      "MakoIoT.Device.Utilities.TimeZones": {
        "type": "Direct",
        "requested": "[1.0.9.41101, 1.0.9.41101]",
        "resolved": "1.0.9.41101",
        "contentHash": "TdTWBTaNvvS+8TBOoPiJY5CUWfU9XwRWV/qCVvAmAAna/3yW81T/4hjssyPobTKupgxPdab2jkmtM7ABkMnv1A=="
      },
      "nanoFramework.CoreLibrary": {
        "type": "Direct",
        "requested": "[1.14.20, 1.14.20]",
        "resolved": "1.14.20",
        "contentHash": "9yfmrvDmByKRwRegqS9vnO+g2Ho+tndTOIIyKlDtbnx6FPEtUVfltNtQ2hDJ7mQzsC/C9mtKukqI+vK++mbuUg=="
      },
      "nanoFramework.DependencyInjection": {
        "type": "Direct",
        "requested": "[1.1.1, 1.1.1]",
        "resolved": "1.1.1",
        "contentHash": "5o8nNBD5ZjZTcwRPfvBkh/0xFeMKpQ/lyB44sJgHQc6qi3+MthhrBr4QVyT95lVRd4xVtSLsONw+AzOc8J4dMg=="
      },
      "nanoFramework.Graphics": {
        "type": "Direct",
        "requested": "[1.1.37, 1.1.37]",
        "resolved": "1.1.37",
        "contentHash": "dMe4Cq/XkPquMm8ut4o5gkkcRxpB0+MdzJiIdJNugK2nkfH8CX9KwJwv+KjSco59zj2vTWdB/4TOq26QRAFpRg=="
      },
      "nanoFramework.Graphics.Core": {
        "type": "Direct",
        "requested": "[1.1.37, 1.1.37]",
        "resolved": "1.1.37",
        "contentHash": "JSO5PU+CczzjqLZTTgdi/fx5BGtA8Z1m1RxpjxaYhLFPDPN1ATbDGwAdIUgxNeU77EAl1QRuni9lTA0OnfDrIQ=="
      },
      "nanoFramework.Graphics.Ili9341": {
        "type": "Direct",
        "requested": "[1.1.37, 1.1.37]",
        "resolved": "1.1.37",
        "contentHash": "NcPQBPqxMo0JIj4kJ9/tPJ+XfG7XImZv/7xiBs1gqBx492+fIiQQ3lmNAVzHJrntPJmDC5JHVkJ1twV4BVdBUw=="
      },
      "nanoFramework.Hardware.Esp32": {
        "type": "Direct",
        "requested": "[1.6.8, 1.6.8]",
        "resolved": "1.6.8",
        "contentHash": "oeg8PeZNiZ3gf+Q7ix4tj8CoMQJgqzx8LqdGD0TIH2aPVwNDvnPFstIw8UFxLkyvjFN57AiqCMEJOu8TsiQoOA=="
      },
      "nanoFramework.Hardware.Esp32.Rmt": {
        "type": "Direct",
        "requested": "[2.0.1, 2.0.1]",
        "resolved": "2.0.1",
        "contentHash": "h3xaxgk1vIeWxFYxRa+6bvYmg5TlNuCS9GwYzbVba0T0mq2nYWUNqTUoWtLEGReZY17vmULzu5AXQzGz+q7tZQ=="
      },
      "nanoFramework.Hosting": {
        "type": "Direct",
        "requested": "[1.0.38, 1.0.38]",
        "resolved": "1.0.38",
        "contentHash": "ydmbos1XzgfAl29kKvf7SY2hnScerU4Tih4gf+nwZc9OH9R3+hhZP61sCCP/KmpXMdSci6a2Q5WB5RIpfONRRg=="
      },
      "nanoFramework.Iot.Device.Button": {
        "type": "Direct",
        "requested": "[1.2.329, 1.2.329]",
        "resolved": "1.2.329",
        "contentHash": "+rIu25julxT7givJxkN6pnfryci2NFppJzhrp0mlc7xzGBiyOsKldTEt/pLD3ieqPqBH8Zons4TgKACrfpgryA=="
      },
      "nanoFramework.Json": {
        "type": "Direct",
        "requested": "[2.2.101, 2.2.101]",
        "resolved": "2.2.101",
        "contentHash": "FwRQq5G8wTrx53wPLR7sInuLSeD3cpiys1/CqlMLRlymFfFzE2YfzVyLak1LKhBnSS4CZdPAYGQzvF9AmICV8Q=="
      },
      "nanoFramework.Logging": {
        "type": "Direct",
        "requested": "[1.1.63, 1.1.63]",
        "resolved": "1.1.63",
        "contentHash": "gutjQRIKKJc91qKzkGtpA8uvTpNUK1r2OuEy7C8W+dEICkFgR+z1itcG7gKv9I12oiHyurc/3mMgDyz8CsPD3A=="
      },
      "nanoFramework.ResourceManager": {
        "type": "Direct",
        "requested": "[1.2.13, 1.2.13]",
        "resolved": "1.2.13",
        "contentHash": "FhrwL1T1xA8d8h95IbWRZFFmnfDlUGJ4uccgAvyuUSSvisrQZzY7Ve6TAIz6XxtqSl+ESbKd6IiGVDgzZfR+Ew=="
      },
      "nanoFramework.Runtime.Events": {
        "type": "Direct",
        "requested": "[1.11.6, 1.11.6]",
        "resolved": "1.11.6",
        "contentHash": "xkltRh/2xKaZ9zmPHbVr32s1k+e17AInUBhzxKKkUDicJKF39yzTShSklb1OL6DBER5z71SpkGLyl9IdMK9l6w=="
      },
      "nanoFramework.Runtime.Native": {
        "type": "Direct",
        "requested": "[1.6.6, 1.6.6]",
        "resolved": "1.6.6",
        "contentHash": "ySEYUh8bTiFYAUce3uQLfOvvnunTx10j7Xsw+ChlS+nXFC/kCctgTob7k1McZrxqTs0CZo+Ux5eW4oYKzx25aw=="
      },
      "nanoFramework.System.Collections": {
        "type": "Direct",
        "requested": "[1.5.18, 1.5.18]",
        "resolved": "1.5.18",
        "contentHash": "F8FzaUC5D2xd6eQja33EYcknOFqWT+YEcnEn849ILJTGSedVFylUREEuoGULbCrnuuLx417hDzWny+B78Qi67g=="
      },
      "nanoFramework.System.Device.Gpio": {
        "type": "Direct",
        "requested": "[1.1.28, 1.1.28]",
        "resolved": "1.1.28",
        "contentHash": "G/l2hkWAwQoMsCHJUK0iZsavYjKykewOXlLF1+fDUylOuBvoHo/iY5Lec+sAnJ3WMcoY2Uo6miYrCMI07g59Tg=="
      },
      "nanoFramework.System.IO.FileSystem": {
        "type": "Direct",
        "requested": "[1.1.23, 1.1.23]",
        "resolved": "1.1.23",
        "contentHash": "W8HMgL81baCutM9isIqeOHU5SM6J3z1g1XF16quVtK8DARQzKdwLV+fJweXyOUTnpyXV/oEkr9SrkCdGdBPliQ=="
      },
      "nanoFramework.System.IO.Streams": {
        "type": "Direct",
        "requested": "[1.1.38, 1.1.38]",
        "resolved": "1.1.38",
        "contentHash": "qEtu/lMDtr5kPKc939vO3uX8h+W0/+Qx2N3Zx005JxqGiL71e4ScecEyGPIp8v1MzRd9pkoxInUb6jOAh+eyXA=="
      },
      "nanoFramework.System.Math": {
        "type": "Direct",
        "requested": "[1.5.29, 1.5.29]",
        "resolved": "1.5.29",
        "contentHash": "PyufZzrtDA7HKCbrbOEbqDhaWK5vflJmAi7RJ+a4cPLMmO9cSWc0dUbylMg6Wxg7Ggu1VmcPqfCIZPFHbx5/2A=="
      },
      "nanoFramework.System.Net": {
        "type": "Direct",
        "requested": "[1.10.62, 1.10.62]",
        "resolved": "1.10.62",
        "contentHash": "MR4PIS7J+LyPU6jSbVu0+tdeBb3lXo7xPun+C0Q3zMpc9YPPCsI7euko4O3Q4T7VSbtjeA3dDfI0fsefcgVRUA=="
      },
      "nanoFramework.System.Net.Http": {
        "type": "Direct",
        "requested": "[1.5.106, 1.5.106]",
        "resolved": "1.5.106",
        "contentHash": "UYh2reCiRcI3ALE6uKHjTxU2Cmt0OAqol24hr945MnUbJn/qiH1VINMcUtaLKxAlNZv2rqiCYhgSQf7azbW6Jg=="
      },
      "nanoFramework.System.Text": {
        "type": "Direct",
        "requested": "[1.2.37, 1.2.37]",
        "resolved": "1.2.37",
        "contentHash": "ORgRq0HSynSBhlXRTHdhzZiOdq/nRhdnX+DeIGw56y9OSc8dvqUz6elm97Jz+4WQ6ikpvs5PFGINAa35kBebwQ=="
      },
      "nanoFramework.System.Text.RegularExpressions": {
        "type": "Direct",
        "requested": "[1.1.37, 1.1.37]",
        "resolved": "1.1.37",
        "contentHash": "l0Vv7SEF2+59Ps183Sf8sSVZKvfFBPRP5gTYtnv5cdEm+KntXRhIy3u9Cp8XnueMrLkHEKYDQ6VG6gz4n7tbfA=="
      },
      "nanoFramework.System.Threading": {
        "type": "Direct",
        "requested": "[1.1.19, 1.1.19]",
        "resolved": "1.1.19",
        "contentHash": "HjnY0DNoFnU+t1GiH8Wgf7pJCD9yMOcLVtAZXVAhstMKisVN/MDj9TvfXxZScRIz7ZDoZYUnb+Ixfl6rqyppvA=="
      }
    }
  }
}