{
  "version": 1,
  "dependencies": {
    ".NETnanoFramework,Version=v1.0": {
      "CCSWE.nanoFramework.Collections.Concurrent": {
        "type": "Direct",
        "requested": "[1.1.148, 1.1.148]",
        "resolved": "1.1.148",
        "contentHash": "YB+uvP86JoPXZ2YLUjsvEm2Ybb01wcTnd4QgTw80icjTDExhfNtQZk61d4y9nih1M27a7xjec66LsRikeEebYw=="
      },
      "CCSWE.nanoFramework.Configuration": {
        "type": "Direct",
        "requested": "[1.1.148, 1.1.148]",
        "resolved": "1.1.148",
        "contentHash": "ws+rCpdQLq4k7HwgSN/aMxzNaeq365dVrgdZ74nyoif/K/XUO2iRJ80CsxELEXSfyEbnHrABYdAof5MmgilY8g=="
      },
      "CCSWE.nanoFramework.Core": {
        "type": "Direct",
        "requested": "[1.1.148, 1.1.148]",
        "resolved": "1.1.148",
        "contentHash": "gdnmj+g7wjTC9o9h23/nJzsSqNCmkPgxbQDpatNpzwL7chE62fg6nm/RV2NVbZEgsldstM7zofE94p5aFHMAMA=="
      },
      "CCSWE.nanoFramework.Graphics": {
        "type": "Direct",
        "requested": "[1.1.148, 1.1.148]",
        "resolved": "1.1.148",
        "contentHash": "t/2frhkhTqFXP2u77EhHUiy3CvmZHtsZfIcKnZelPq+lbIc0zh8opFpc6T3O8BQfMLqA7B9lNbyBifI65YCeZQ=="
      },
      "CCSWE.nanoFramework.Hosting": {
        "type": "Direct",
        "requested": "[1.1.148, 1.1.148]",
        "resolved": "1.1.148",
        "contentHash": "yezjQRjZqQI8TmJo8u1cKLB3eZqEyBg4SjTZ962VmPiT+OToQH6C2B9/qLEOcr4w0KYtlKiJXwqTezUxxEO0ZA=="
      },
      "CCSWE.nanoFramework.Logging": {
        "type": "Direct",
        "requested": "[1.1.148, 1.1.148]",
        "resolved": "1.1.148",
        "contentHash": "kkljBjplhbSEAqM+CzjzdCZQ65u1OcGZjLG8Lzw3bPyo8s8q+qO9ccB+QxfHvTFyAnuKZQVxGpWXeJL7wAGfFw=="
      },
      "CCSWE.nanoFramework.Math": {
        "type": "Direct",
        "requested": "[1.1.148, 1.1.148]",
        "resolved": "1.1.148",
        "contentHash": "KBv3D0FBswThZ1Vd5zuGk2Rq4AvzXisf0T/7EXUR8/6Eh20aj3en2JwSAIb8uDJye3PJAN5OdqEvyKM+Hl4ksA=="
      },
      "CCSWE.nanoFramework.Mediator": {
        "type": "Direct",
        "requested": "[1.1.148, 1.1.148]",
        "resolved": "1.1.148",
        "contentHash": "vh7xblyVwHRjkrc+fiUjYQCZT8jvYjeG3VYekPIhrXMkTua67UTtu86qsehRoyTMwPmTFoM7zBiNhgFDcTDmBw=="
      },
      "CCSWE.nanoFramework.NeoPixel": {
        "type": "Direct",
        "requested": "[1.1.148, 1.1.148]",
        "resolved": "1.1.148",
        "contentHash": "mzirk6WSMVFfCkUQAWWbcMcg1UFKu0o7JJRVmlBxIn+VsiA0qZca83b359vN7IefhEYym4yGAXl8CgmbsXpFOw=="
      },
      "CCSWE.nanoFramework.Threading": {
        "type": "Direct",
        "requested": "[1.1.148, 1.1.148]",
        "resolved": "1.1.148",
        "contentHash": "u9jHblFt9yBdWiSyvRFdJFC066oNioLun8VJ3iN1X8uGQ/YPvAWTOBdsvu/LfzHJQvx/zkwHob9fMf0pryv6Dg=="
      },
      "nanoFramework.CoreLibrary": {
        "type": "Direct",
        "requested": "[1.17.11, 1.17.11]",
        "resolved": "1.17.11",
        "contentHash": "HezzAc0o2XrSGf85xSeD/6xsO6ohF9hX6/iMQ1IZS6Zw6umr4WfAN2Jv0BrPxkaYwzEegJxxZujkHoUIAqtOMw=="
      },
      "nanoFramework.DependencyInjection": {
        "type": "Direct",
        "requested": "[1.1.32, 1.1.32]",
        "resolved": "1.1.32",
        "contentHash": "jlkGPDppz73ThMFUwj9+bwUFYEM+1ZHf9SzLfj9k64ToMA5k/3l/HWtgBhiZcGcd/Y7H7Q9ISbADEKQ7PMELpg=="
      },
      "nanoFramework.Graphics.Core": {
        "type": "Direct",
        "requested": "[1.2.55, 1.2.55]",
        "resolved": "1.2.55",
        "contentHash": "0aK2q1Rl78YLXk8gAMCUD/hYnTaug4gmZ8YWQYd1Wp0LfTBF2GYaLl6AiVmsznvLTuHlGqQXPHzV1i9qnOstDw=="
      },
      "nanoFramework.Graphics.Ili9341": {
        "type": "Direct",
        "requested": "[1.2.55, 1.2.55]",
        "resolved": "1.2.55",
        "contentHash": "egZnUlOZnP52LfhOGPNJD3Ew32ppC4Ze1HxlgvMNcM3SIXz4HVYRguGJOJZIdRo+8iFTSg0DvzCSfXygjszhjw=="
      },
      "nanoFramework.Hardware.Esp32": {
        "type": "Direct",
        "requested": "[1.6.42, 1.6.42]",
        "resolved": "1.6.42",
        "contentHash": "2mccJJYq+9sw9bhy0rhZZU6Bg+3cDdXQWE/O+B/jRR8xC2vTxO5fbqIr4Z9E6+e8bybXWoJA82OldPJYtdmjiA=="
      },
      "nanoFramework.Hardware.Esp32.Rmt": {
        "type": "Direct",
        "requested": "[3.0.1, 3.0.1]",
        "resolved": "3.0.1",
        "contentHash": "PpaWE8TgG58ttZkGNAJVTg4C4RPxMR2jOQt+K60DA8RrVXfJKkCy/ouwHh+Jv87piG+Rxkmxpl0g0ykkQMChrA=="
      },
      "nanoFramework.Hosting": {
        "type": "Direct",
        "requested": "[2.0.15, 2.0.15]",
        "resolved": "2.0.15",
        "contentHash": "dIBAQpCR4rH5daviYWRhRFcgm11l8GpVPIOrSYUDRDF1p498t1siiIPSMKqnfc0rRcBw9UEpn/QPmRF9l9jWYA=="
      },
      "nanoFramework.Json": {
        "type": "Direct",
        "requested": "[2.2.213, 2.2.213]",
        "resolved": "2.2.213",
        "contentHash": "JZL7ZgzqqNdeLS1zBTJk+EoRSor59R7Cb/mnBAnrMRVzrJOG1z9ZdU4yHiZb+T3+Yp+E4tqi9+OX1Bfxne5WMQ=="
      },
      "nanoFramework.Logging": {
        "type": "Direct",
        "requested": "[1.1.161, 1.1.161]",
        "resolved": "1.1.161",
        "contentHash": "ASEnCqp/WL+0EPyTYAUUdBSX6g1GkqewPOrTCLq9iZicf9+DFDzd+fpzrfinWd3YqSQ+eb16QzReARm1V0EfNw=="
      },
      "nanoFramework.ResourceManager": {
        "type": "Direct",
        "requested": "[1.2.32, 1.2.32]",
        "resolved": "1.2.32",
        "contentHash": "hpBiZ7yx5AnT/0T37cr2ySQwQDLKP+KaWu+O7ln9J43M/WaKFSCZFVsqXeJGby3/JDfm1cxhfOaQ1MMsevrdiA=="
      },
      "nanoFramework.Runtime.Events": {
        "type": "Direct",
        "requested": "[1.11.39, 1.11.39]",
        "resolved": "1.11.39",
        "contentHash": "qNcgsk1QU5lTj2MgMYyF4iTx85YjFcAfJP9sYYydUlEXL1JaO2MnKGI3oBG4p20dJ1Fqi1ClIgKXJfAp9z80tA=="
      },
      "nanoFramework.Runtime.Native": {
        "type": "Direct",
        "requested": "[1.7.11, 1.7.11]",
        "resolved": "1.7.11",
        "contentHash": "XPSTltZ9KeBruogVmjQpCphi1nLoJH49mpyp2eGBs8BTjKuL5TkMO20MoI8r73F/PW5AppTq49HvIZZavU5nPQ=="
      },
      "nanoFramework.System.Collections": {
        "type": "Direct",
        "requested": "[1.5.75, 1.5.75]",
        "resolved": "1.5.75",
        "contentHash": "OiMpKo8RWbjZq1594YjdRnOGNN2aT4nowa+ET7scK0frGCux0a8LGaPkG56mmSfBCKzLlVs13LIlla3XLhXaMA=="
      },
      "nanoFramework.System.Device.Gpio": {
        "type": "Direct",
        "requested": "[1.1.64, 1.1.64]",
        "resolved": "1.1.64",
        "contentHash": "V6pBMEbvBITr5bbX5LHrRQ7g7583FfzNuv7LY62udDecfpxjK3GFO9cEf5DHsQSqkV36VziCCkpP3ecYqLXK1A=="
      },
      "nanoFramework.System.IO.FileSystem": {
        "type": "Direct",
        "requested": "[1.1.94, 1.1.94]",
        "resolved": "1.1.94",
        "contentHash": "ZjjJo/ugveNLFt8/n4I6KdZmrEAqFx+cmnJVXiKw/61dyA5jxH3/s8W2P6fw35sBJyMQWrY3D+2DjNVV8FZO7A=="
      },
      "nanoFramework.System.IO.Streams": {
        "type": "Direct",
        "requested": "[1.1.96, 1.1.96]",
        "resolved": "1.1.96",
        "contentHash": "kJSy4EJwChO4Vq3vGWP9gNRPFDnTsDU5HxzeI7NDO+RjbDsx7B8EhKymoeTPLJCxQq8y/0P1KG2XCxGpggW+fw=="
      },
      "nanoFramework.System.Math": {
        "type": "Direct",
        "requested": "[1.5.116, 1.5.116]",
        "resolved": "1.5.116",
        "contentHash": "0S05UKcoI9Ukz9cMNPC9huFW9vSL42/4gIh4fw8ou8HkcFmTYb0OL8VF2Ah94hEDW5mqcYAVr0ipuGWPzIRqaA=="
      },
      "nanoFramework.System.Net": {
        "type": "Direct",
        "requested": "[1.11.60, 1.11.60]",
        "resolved": "1.11.60",
        "contentHash": "FbcvVZSnOKI0nQqMz6Jw/m6C1CZzcNPsfQqmf6pp4dr5XUvtgWHv8D3/Vfhxv+5Zg2x+3tTsOVGAyFDIOuQdxg=="
      },
      "nanoFramework.System.Text": {
        "type": "Direct",
        "requested": "[1.3.42, 1.3.42]",
        "resolved": "1.3.42",
        "contentHash": "68HPjhersNpssbmEMUHdMw3073MHfGTfrkbRk9eILKbNPFfPFck7m4y9BlAi6DaguUJaeKxgyIojXF3SQrF8/A=="
      },
      "nanoFramework.System.Threading": {
        "type": "Direct",
        "requested": "[1.1.52, 1.1.52]",
        "resolved": "1.1.52",
        "contentHash": "kv+US/+7QKV1iT/snxBh032vwZ+3krJ4vujlSsvmS2nNj/nK64R3bq/ST3bCFquxHDD0mog8irtCBCsFazr4kA=="
      },
      "Nerdbank.GitVersioning": {
        "type": "Direct",
        "requested": "[3.10.94, 3.10.94]",
        "resolved": "3.10.94",
        "contentHash": "sn6gFIx6bwFj3Me0XGmek3gLZi/MZC8C4tRLwslXGeBcXcVxvFpZyDrQA93G8TiYgxTS7J7triKB7hj5wXzSxA=="
      }
    }
  }
}