{
  "version": 1,
  "dependencies": {
    ".NETnanoFramework,Version=v1.0": {
      "CCSWE.nanoFramework.Core": {
        "type": "Direct",
        "requested": "[1.1.147, 1.1.147]",
        "resolved": "1.1.147",
        "contentHash": "QlhrBH1Re1lpHDx4BtLT29RjLB+fOPE40NPukDnVpSNG+XDJnXI8FRsv0yVHN1/OOeYWQaeLr4dVX8OlhxG3VA=="
      },
      "CCSWE.nanoFramework.Graphics": {
        "type": "Direct",
        "requested": "[1.1.147, 1.1.147]",
        "resolved": "1.1.147",
        "contentHash": "dyeoTq7hGj4zRujvmlHMoGfmrzUMXQQLi3v6rzvC1qPUDnzFDFNBTEbYIamlyCKW8me7s9Z2No7LtdXaA85VAg=="
      },
      "CCSWE.nanoFramework.Hosting": {
        "type": "Direct",
        "requested": "[1.1.147, 1.1.147]",
        "resolved": "1.1.147",
        "contentHash": "HlBdI/HPN5unHmhplqsh1cNMwC5AN0QZmrY91twe8aVRbyH+n2w2Mno1e9u77jtAMEnAIwnPDaWO4MNKvtrs8Q=="
      },
      "CCSWE.nanoFramework.Logging": {
        "type": "Direct",
        "requested": "[1.1.147, 1.1.147]",
        "resolved": "1.1.147",
        "contentHash": "iJ+Omc/NLgkPuc/nNduYRC3yFdqZXPWmBGQQJaqpPTW81F7bfIiw+m1pjwLhv9GrTLG85WjvJ/mHAOI53tEprw=="
      },
      "CCSWE.nanoFramework.Math": {
        "type": "Direct",
        "requested": "[1.1.147, 1.1.147]",
        "resolved": "1.1.147",
        "contentHash": "0lHKXSY4isXt13vPmxn6nYyhukH8e+nyw88DEbrF8qJmtxGbRnoL//TOGeAR/W+/uJ3WBan2E8YSeXvVGY0R+w=="
      },
      "CCSWE.nanoFramework.NeoPixel": {
        "type": "Direct",
        "requested": "[1.1.147, 1.1.147]",
        "resolved": "1.1.147",
        "contentHash": "s+6h0MTh/Y8djdTjpxZaDr6cGcfd79co3LC9FKwyEXofVcKy5ka8s3oxbkZEEQXNU+fFMdEe92NUT/UCVGxDsA=="
      },
      "nanoFramework.CoreLibrary": {
        "type": "Direct",
        "requested": "[1.17.11, 1.17.11]",
        "resolved": "1.17.11",
        "contentHash": "HezzAc0o2XrSGf85xSeD/6xsO6ohF9hX6/iMQ1IZS6Zw6umr4WfAN2Jv0BrPxkaYwzEegJxxZujkHoUIAqtOMw=="
      },
      "nanoFramework.DependencyInjection": {
        "type": "Direct",
        "requested": "[1.1.32, 1.1.32]",
        "resolved": "1.1.32",
        "contentHash": "jlkGPDppz73ThMFUwj9+bwUFYEM+1ZHf9SzLfj9k64ToMA5k/3l/HWtgBhiZcGcd/Y7H7Q9ISbADEKQ7PMELpg=="
      },
      "nanoFramework.Graphics.Core": {
        "type": "Direct",
        "requested": "[1.2.55, 1.2.55]",
        "resolved": "1.2.55",
        "contentHash": "0aK2q1Rl78YLXk8gAMCUD/hYnTaug4gmZ8YWQYd1Wp0LfTBF2GYaLl6AiVmsznvLTuHlGqQXPHzV1i9qnOstDw=="
      },
      "nanoFramework.Hardware.Esp32.Rmt": {
        "type": "Direct",
        "requested": "[2.0.53, 2.0.53]",
        "resolved": "2.0.53",
        "contentHash": "1DUvacCXMBH8oAe28hNzY1ig97RxzTqfm2ycViBKwoF3CB8B4QOl3dbg9fwVrGpork/Ba5V0fsiMtPQhstDrow=="
      },
      "nanoFramework.Hosting": {
        "type": "Direct",
        "requested": "[2.0.15, 2.0.15]",
        "resolved": "2.0.15",
        "contentHash": "dIBAQpCR4rH5daviYWRhRFcgm11l8GpVPIOrSYUDRDF1p498t1siiIPSMKqnfc0rRcBw9UEpn/QPmRF9l9jWYA=="
      },
      "nanoFramework.Logging": {
        "type": "Direct",
        "requested": "[1.1.161, 1.1.161]",
        "resolved": "1.1.161",
        "contentHash": "ASEnCqp/WL+0EPyTYAUUdBSX6g1GkqewPOrTCLq9iZicf9+DFDzd+fpzrfinWd3YqSQ+eb16QzReARm1V0EfNw=="
      },
      "nanoFramework.Runtime.Events": {
        "type": "Direct",
        "requested": "[1.11.39, 1.11.39]",
        "resolved": "1.11.39",
        "contentHash": "qNcgsk1QU5lTj2MgMYyF4iTx85YjFcAfJP9sYYydUlEXL1JaO2MnKGI3oBG4p20dJ1Fqi1ClIgKXJfAp9z80tA=="
      },
      "nanoFramework.Runtime.Native": {
        "type": "Direct",
        "requested": "[1.7.11, 1.7.11]",
        "resolved": "1.7.11",
        "contentHash": "XPSTltZ9KeBruogVmjQpCphi1nLoJH49mpyp2eGBs8BTjKuL5TkMO20MoI8r73F/PW5AppTq49HvIZZavU5nPQ=="
      },
      "nanoFramework.System.Collections": {
        "type": "Direct",
        "requested": "[1.5.75, 1.5.75]",
        "resolved": "1.5.75",
        "contentHash": "OiMpKo8RWbjZq1594YjdRnOGNN2aT4nowa+ET7scK0frGCux0a8LGaPkG56mmSfBCKzLlVs13LIlla3XLhXaMA=="
      },
      "nanoFramework.System.Math": {
        "type": "Direct",
        "requested": "[1.5.116, 1.5.116]",
        "resolved": "1.5.116",
        "contentHash": "0S05UKcoI9Ukz9cMNPC9huFW9vSL42/4gIh4fw8ou8HkcFmTYb0OL8VF2Ah94hEDW5mqcYAVr0ipuGWPzIRqaA=="
      },
      "nanoFramework.System.Text": {
        "type": "Direct",
        "requested": "[1.3.42, 1.3.42]",
        "resolved": "1.3.42",
        "contentHash": "68HPjhersNpssbmEMUHdMw3073MHfGTfrkbRk9eILKbNPFfPFck7m4y9BlAi6DaguUJaeKxgyIojXF3SQrF8/A=="
      },
      "nanoFramework.System.Threading": {
        "type": "Direct",
        "requested": "[1.1.52, 1.1.52]",
        "resolved": "1.1.52",
        "contentHash": "kv+US/+7QKV1iT/snxBh032vwZ+3krJ4vujlSsvmS2nNj/nK64R3bq/ST3bCFquxHDD0mog8irtCBCsFazr4kA=="
      },
      "Nerdbank.GitVersioning": {
        "type": "Direct",
        "requested": "[3.10.91, 3.10.91]",
        "resolved": "3.10.91",
        "contentHash": "9MtEXm/um2lQAEoek1EkF4CXNH4JuXxv2jV3Ew2XlzP0LXxFaFiECS7ji8zf1ZaMnPGYbbom+Nm6y4ADc5HNHQ=="
      }
    }
  }
}